// !$*UTF8*$!
{
	archiveVersion = 1;
	classes = {
	};
	objectVersion = 46;
	objects = {

/* Begin PBXBuildFile section */
		3F8777FE19E7B1CD00A3F961 /* AppDelegate.swift in Sources */ = {isa = PBXBuildFile; fileRef = 3F8777FD19E7B1CD00A3F961 /* AppDelegate.swift */; };
		3F87780019E7B1CD00A3F961 /* ViewController.swift in Sources */ = {isa = PBXBuildFile; fileRef = 3F8777FF19E7B1CD00A3F961 /* ViewController.swift */; };
		3F87780319E7B1CD00A3F961 /* Main.storyboard in Resources */ = {isa = PBXBuildFile; fileRef = 3F87780119E7B1CD00A3F961 /* Main.storyboard */; };
		3F87780519E7B1CD00A3F961 /* Images.xcassets in Resources */ = {isa = PBXBuildFile; fileRef = 3F87780419E7B1CD00A3F961 /* Images.xcassets */; };
		3F87780819E7B1CD00A3F961 /* LaunchScreen.xib in Resources */ = {isa = PBXBuildFile; fileRef = 3F87780619E7B1CD00A3F961 /* LaunchScreen.xib */; };
		3F87781419E7B1CD00A3F961 /* Exam_1Tests.swift in Sources */ = {isa = PBXBuildFile; fileRef = 3F87781319E7B1CD00A3F961 /* Exam_1Tests.swift */; };
/* End PBXBuildFile section */

/* Begin PBXContainerItemProxy section */
		3F87780E19E7B1CD00A3F961 /* PBXContainerItemProxy */ = {
			isa = PBXContainerItemProxy;
			containerPortal = 3F8777F019E7B1CD00A3F961 /* Project object */;
			proxyType = 1;
			remoteGlobalIDString = 3F8777F719E7B1CD00A3F961;
			remoteInfo = Exam_1;
		};
/* End PBXContainerItemProxy section */

/* Begin PBXFileReference section */
		3F8777F819E7B1CD00A3F961 /* Exam_1.app */ = {isa = PBXFileReference; explicitFileType = wrapper.application; includeInIndex = 0; path = Exam_1.app; sourceTree = BUILT_PRODUCTS_DIR; };
		3F8777FC19E7B1CD00A3F961 /* Info.plist */ = {isa = PBXFileReference; lastKnownFileType = text.plist.xml; path = Info.plist; sourceTree = "<group>"; };
		3F8777FD19E7B1CD00A3F961 /* AppDelegate.swift */ = {isa = PBXFileReference; lastKnownFileType = sourcecode.swift; path = AppDelegate.swift; sourceTree = "<group>"; };
		3F8777FF19E7B1CD00A3F961 /* ViewController.swift */ = {isa = PBXFileReference; lastKnownFileType = sourcecode.swift; path = ViewController.swift; sourceTree = "<group>"; };
		3F87780219E7B1CD00A3F961 /* Base */ = {isa = PBXFileReference; lastKnownFileType = file.storyboard; name = Base; path = Base.lproj/Main.storyboard; sourceTree = "<group>"; };
		3F87780419E7B1CD00A3F961 /* Images.xcassets */ = {isa = PBXFileReference; lastKnownFileType = folder.assetcatalog; path = Images.xcassets; sourceTree = "<group>"; };
		3F87780719E7B1CD00A3F961 /* Base */ = {isa = PBXFileReference; lastKnownFileType = file.xib; name = Base; path = Base.lproj/LaunchScreen.xib; sourceTree = "<group>"; };
		3F87780D19E7B1CD00A3F961 /* Exam_1Tests.xctest */ = {isa = PBXFileReference; explicitFileType = wrapper.cfbundle; includeInIndex = 0; path = Exam_1Tests.xctest; sourceTree = BUILT_PRODUCTS_DIR; };
		3F87781219E7B1CD00A3F961 /* Info.plist */ = {isa = PBXFileReference; lastKnownFileType = text.plist.xml; path = Info.plist; sourceTree = "<group>"; };
		3F87781319E7B1CD00A3F961 /* Exam_1Tests.swift */ = {isa = PBXFileReference; lastKnownFileType = sourcecode.swift; path = Exam_1Tests.swift; sourceTree = "<group>"; };
/* End PBXFileReference section */

/* Begin PBXFrameworksBuildPhase section */
		3F8777F519E7B1CD00A3F961 /* Frameworks */ = {
			isa = PBXFrameworksBuildPhase;
			buildActionMask = 2147483647;
			files = (
			);
			runOnlyForDeploymentPostprocessing = 0;
		};
		3F87780A19E7B1CD00A3F961 /* Frameworks */ = {
			isa = PBXFrameworksBuildPhase;
			buildActionMask = 2147483647;
			files = (
			);
			runOnlyForDeploymentPostprocessing = 0;
		};
/* End PBXFrameworksBuildPhase section */

/* Begin PBXGroup section */
		3F8777EF19E7B1CD00A3F961 = {
			isa = PBXGroup;
			children = (
				3F8777FA19E7B1CD00A3F961 /* Exam_1 */,
				3F87781019E7B1CD00A3F961 /* Exam_1Tests */,
				3F8777F919E7B1CD00A3F961 /* Products */,
			);
			sourceTree = "<group>";
		};
		3F8777F919E7B1CD00A3F961 /* Products */ = {
			isa = PBXGroup;
			children = (
				3F8777F819E7B1CD00A3F961 /* Exam_1.app */,
				3F87780D19E7B1CD00A3F961 /* Exam_1Tests.xctest */,
			);
			name = Products;
			sourceTree = "<group>";
		};
		3F8777FA19E7B1CD00A3F961 /* Exam_1 */ = {
			isa = PBXGroup;
			children = (
				3F8777FD19E7B1CD00A3F961 /* AppDelegate.swift */,
				3F8777FF19E7B1CD00A3F961 /* ViewController.swift */,
				3F87780119E7B1CD00A3F961 /* Main.storyboard */,
				3F87780419E7B1CD00A3F961 /* Images.xcassets */,
				3F87780619E7B1CD00A3F961 /* LaunchScreen.xib */,
				3F8777FB19E7B1CD00A3F961 /* Supporting Files */,
			);
			path = Exam_1;
			sourceTree = "<group>";
		};
		3F8777FB19E7B1CD00A3F961 /* Supporting Files */ = {
			isa = PBXGroup;
			children = (
				3F8777FC19E7B1CD00A3F961 /* Info.plist */,
			);
			name = "Supporting Files";
			sourceTree = "<group>";
		};
		3F87781019E7B1CD00A3F961 /* Exam_1Tests */ = {
			isa = PBXGroup;
			children = (
				3F87781319E7B1CD00A3F961 /* Exam_1Tests.swift */,
				3F87781119E7B1CD00A3F961 /* Supporting Files */,
			);
			path = Exam_1Tests;
			sourceTree = "<group>";
		};
		3F87781119E7B1CD00A3F961 /* Supporting Files */ = {
			isa = PBXGroup;
			children = (
				3F87781219E7B1CD00A3F961 /* Info.plist */,
			);
			name = "Supporting Files";
			sourceTree = "<group>";
		};
/* End PBXGroup section */

/* Begin PBXNativeTarget section */
		3F8777F719E7B1CD00A3F961 /* Exam_1 */ = {
			isa = PBXNativeTarget;
			buildConfigurationList = 3F87781719E7B1CD00A3F961 /* Build configuration list for PBXNativeTarget "Exam_1" */;
			buildPhases = (
				3F8777F419E7B1CD00A3F961 /* Sources */,
				3F8777F519E7B1CD00A3F961 /* Frameworks */,
				3F8777F619E7B1CD00A3F961 /* Resources */,
			);
			buildRules = (
			);
			dependencies = (
			);
			name = Exam_1;
			productName = Exam_1;
			productReference = 3F8777F819E7B1CD00A3F961 /* Exam_1.app */;
			productType = "com.apple.product-type.application";
		};
		3F87780C19E7B1CD00A3F961 /* Exam_1Tests */ = {
			isa = PBXNativeTarget;
			buildConfigurationList = 3F87781A19E7B1CD00A3F961 /* Build configuration list for PBXNativeTarget "Exam_1Tests" */;
			buildPhases = (
				3F87780919E7B1CD00A3F961 /* Sources */,
				3F87780A19E7B1CD00A3F961 /* Frameworks */,
				3F87780B19E7B1CD00A3F961 /* Resources */,
			);
			buildRules = (
			);
			dependencies = (
				3F87780F19E7B1CD00A3F961 /* PBXTargetDependency */,
			);
			name = Exam_1Tests;
			productName = Exam_1Tests;
			productReference = 3F87780D19E7B1CD00A3F961 /* Exam_1Tests.xctest */;
			productType = "com.apple.product-type.bundle.unit-test";
		};
/* End PBXNativeTarget section */

/* Begin PBXProject section */
		3F8777F019E7B1CD00A3F961 /* Project object */ = {
			isa = PBXProject;
			attributes = {
				LastUpgradeCheck = 0600;
				ORGANIZATIONNAME = student;
				TargetAttributes = {
					3F8777F719E7B1CD00A3F961 = {
						CreatedOnToolsVersion = 6.0;
					};
					3F87780C19E7B1CD00A3F961 = {
						CreatedOnToolsVersion = 6.0;
						TestTargetID = 3F8777F719E7B1CD00A3F961;
					};
				};
			};
			buildConfigurationList = 3F8777F319E7B1CD00A3F961 /* Build configuration list for PBXProject "Exam_1" */;
			compatibilityVersion = "Xcode 3.2";
			developmentRegion = English;
			hasScannedForEncodings = 0;
			knownRegions = (
				en,
				Base,
			);
			mainGroup = 3F8777EF19E7B1CD00A3F961;
			productRefGroup = 3F8777F919E7B1CD00A3F961 /* Products */;
			projectDirPath = "";
			projectRoot = "";
			targets = (
				3F8777F719E7B1CD00A3F961 /* Exam_1 */,
				3F87780C19E7B1CD00A3F961 /* Exam_1Tests */,
			);
		};
/* End PBXProject section */

/* Begin PBXResourcesBuildPhase section */
		3F8777F619E7B1CD00A3F961 /* Resources */ = {
			isa = PBXResourcesBuildPhase;
			buildActionMask = 2147483647;
			files = (
				3F87780319E7B1CD00A3F961 /* Main.storyboard in Resources */,
				3F87780819E7B1CD00A3F961 /* LaunchScreen.xib in Resources */,
				3F87780519E7B1CD00A3F961 /* Images.xcassets in Resources */,
			);
			runOnlyForDeploymentPostprocessing = 0;
		};
		3F87780B19E7B1CD00A3F961 /* Resources */ = {
			isa = PBXResourcesBuildPhase;
			buildActionMask = 2147483647;
			files = (
			);
			runOnlyForDeploymentPostprocessing = 0;
		};
/* End PBXResourcesBuildPhase section */

/* Begin PBXSourcesBuildPhase section */
		3F8777F419E7B1CD00A3F961 /* Sources */ = {
			isa = PBXSourcesBuildPhase;
			buildActionMask = 2147483647;
			files = (
				3F87780019E7B1CD00A3F961 /* ViewController.swift in Sources */,
				3F8777FE19E7B1CD00A3F961 /* AppDelegate.swift in Sources */,
			);
			runOnlyForDeploymentPostprocessing = 0;
		};
		3F87780919E7B1CD00A3F961 /* Sources */ = {
			isa = PBXSourcesBuildPhase;
			buildActionMask = 2147483647;
			files = (
				3F87781419E7B1CD00A3F961 /* Exam_1Tests.swift in Sources */,
			);
			runOnlyForDeploymentPostprocessing = 0;
		};
/* End PBXSourcesBuildPhase section */

/* Begin PBXTargetDependency section */
		3F87780F19E7B1CD00A3F961 /* PBXTargetDependency */ = {
			isa = PBXTargetDependency;
			target = 3F8777F719E7B1CD00A3F961 /* Exam_1 */;
			targetProxy = 3F87780E19E7B1CD00A3F961 /* PBXContainerItemProxy */;
		};
/* End PBXTargetDependency section */

/* Begin PBXVariantGroup section */
		3F87780119E7B1CD00A3F961 /* Main.storyboard */ = {
			isa = PBXVariantGroup;
			children = (
				3F87780219E7B1CD00A3F961 /* Base */,
			);
			name = Main.storyboard;
			sourceTree = "<group>";
		};
		3F87780619E7B1CD00A3F961 /* LaunchScreen.xib */ = {
			isa = PBXVariantGroup;
			children = (
				3F87780719E7B1CD00A3F961 /* Base */,
			);
			name = LaunchScreen.xib;
			sourceTree = "<group>";
		};
/* End PBXVariantGroup section */

/* Begin XCBuildConfiguration section */
		3F87781519E7B1CD00A3F961 /* Debug */ = {
			isa = XCBuildConfiguration;
			buildSettings = {
				ALWAYS_SEARCH_USER_PATHS = NO;
				CLANG_CXX_LANGUAGE_STANDARD = "gnu++0x";
				CLANG_CXX_LIBRARY = "libc++";
				CLANG_ENABLE_MODULES = YES;
				CLANG_ENABLE_OBJC_ARC = YES;
				CLANG_WARN_BOOL_CONVERSION = YES;
				CLANG_WARN_CONSTANT_CONVERSION = YES;
				CLANG_WARN_DIRECT_OBJC_ISA_USAGE = YES_ERROR;
				CLANG_WARN_EMPTY_BODY = YES;
				CLANG_WARN_ENUM_CONVERSION = YES;
				CLANG_WARN_INT_CONVERSION = YES;
				CLANG_WARN_OBJC_ROOT_CLASS = YES_ERROR;
				CLANG_WARN_UNREACHABLE_CODE = YES;
				CLANG_WARN__DUPLICATE_METHOD_MATCH = YES;
				"CODE_SIGN_IDENTITY[sdk=iphoneos*]" = "iPhone Developer";
				COPY_PHASE_STRIP = NO;
				ENABLE_STRICT_OBJC_MSGSEND = YES;
				GCC_C_LANGUAGE_STANDARD = gnu99;
				GCC_DYNAMIC_NO_PIC = NO;
				GCC_OPTIMIZATION_LEVEL = 0;
				GCC_PREPROCESSOR_DEFINITIONS = (
					"DEBUG=1",
					"$(inherited)",
				);
				GCC_SYMBOLS_PRIVATE_EXTERN = NO;
				GCC_WARN_64_TO_32_BIT_CONVERSION = YES;
				GCC_WARN_ABOUT_RETURN_TYPE = YES_ERROR;
				GCC_WARN_UNDECLARED_SELECTOR = YES;
				GCC_WARN_UNINITIALIZED_AUTOS = YES_AGGRESSIVE;
				GCC_WARN_UNUSED_FUNCTION = YES;
				GCC_WARN_UNUSED_VARIABLE = YES;
				IPHONEOS_DEPLOYMENT_TARGET = 8.0;
				MTL_ENABLE_DEBUG_INFO = YES;
				ONLY_ACTIVE_ARCH = YES;
				SDKROOT = iphoneos;
				SWIFT_OPTIMIZATION_LEVEL = "-Onone";
			};
			name = Debug;
		};
		3F87781619E7B1CD00A3F961 /* Release */ = {
			isa = XCBuildConfiguration;
			buildSettings = {
				ALWAYS_SEARCH_USER_PATHS = NO;
				CLANG_CXX_LANGUAGE_STANDARD = "gnu++0x";
				CLANG_CXX_LIBRARY = "libc++";
				CLANG_ENABLE_MODULES = YES;
				CLANG_ENABLE_OBJC_ARC = YES;
				CLANG_WARN_BOOL_CONVERSION = YES;
				CLANG_WARN_CONSTANT_CONVERSION = YES;
				CLANG_WARN_DIRECT_OBJC_ISA_USAGE = YES_ERROR;
				CLANG_WARN_EMPTY_BODY = YES;
				CLANG_WARN_ENUM_CONVERSION = YES;
				CLANG_WARN_INT_CONVERSION = YES;
				CLANG_WARN_OBJC_ROOT_CLASS = YES_ERROR;
				CLANG_WARN_UNREACHABLE_CODE = YES;
				CLANG_WARN__DUPLICATE_METHOD_MATCH = YES;
				"CODE_SIGN_IDENTITY[sdk=iphoneos*]" = "iPhone Developer";
				COPY_PHASE_STRIP = YES;
				ENABLE_NS_ASSERTIONS = NO;
				ENABLE_STRICT_OBJC_MSGSEND = YES;
				GCC_C_LANGUAGE_STANDARD = gnu99;
				GCC_WARN_64_TO_32_BIT_CONVERSION = YES;
				GCC_WARN_ABOUT_RETURN_TYPE = YES_ERROR;
				GCC_WARN_UNDECLARED_SELECTOR = YES;
				GCC_WARN_UNINITIALIZED_AUTOS = YES_AGGRESSIVE;
				GCC_WARN_UNUSED_FUNCTION = YES;
				GCC_WARN_UNUSED_VARIABLE = YES;
				IPHONEOS_DEPLOYMENT_TARGET = 8.0;
				MTL_ENABLE_DEBUG_INFO = NO;
				SDKROOT = iphoneos;
				VALIDATE_PRODUCT = YES;
			};
			name = Release;
		};
		3F87781819E7B1CD00A3F961 /* Debug */ = {
			isa = XCBuildConfiguration;
			buildSettings = {
				ASSETCATALOG_COMPILER_APPICON_NAME = AppIcon;
				INFOPLIST_FILE = Exam_1/Info.plist;
				LD_RUNPATH_SEARCH_PATHS = "$(inherited) @executable_path/Frameworks";
				PRODUCT_NAME = "$(TARGET_NAME)";
			};
			name = Debug;
		};
		3F87781919E7B1CD00A3F961 /* Release */ = {
			isa = XCBuildConfiguration;
			buildSettings = {
				ASSETCATALOG_COMPILER_APPICON_NAME = AppIcon;
				INFOPLIST_FILE = Exam_1/Info.plist;
				LD_RUNPATH_SEARCH_PATHS = "$(inherited) @executable_path/Frameworks";
				PRODUCT_NAME = "$(TARGET_NAME)";
			};
			name = Release;
		};
		3F87781B19E7B1CD00A3F961 /* Debug */ = {
			isa = XCBuildConfiguration;
			buildSettings = {
				BUNDLE_LOADER = "$(TEST_HOST)";
				FRAMEWORK_SEARCH_PATHS = (
					"$(SDKROOT)/Developer/Library/Frameworks",
					"$(inherited)",
				);
				GCC_PREPROCESSOR_DEFINITIONS = (
					"DEBUG=1",
					"$(inherited)",
				);
				INFOPLIST_FILE = Exam_1Tests/Info.plist;
				LD_RUNPATH_SEARCH_PATHS = "$(inherited) @executable_path/Frameworks @loader_path/Frameworks";
				PRODUCT_NAME = "$(TARGET_NAME)";
				TEST_HOST = "$(BUILT_PRODUCTS_DIR)/Exam_1.app/Exam_1";
			};
			name = Debug;
		};
		3F87781C19E7B1CD00A3F961 /* Release */ = {
			isa = XCBuildConfiguration;
			buildSettings = {
				BUNDLE_LOADER = "$(TEST_HOST)";
				FRAMEWORK_SEARCH_PATHS = (
					"$(SDKROOT)/Developer/Library/Frameworks",
					"$(inherited)",
				);
				INFOPLIST_FILE = Exam_1Tests/Info.plist;
				LD_RUNPATH_SEARCH_PATHS = "$(inherited) @executable_path/Frameworks @loader_path/Frameworks";
				PRODUCT_NAME = "$(TARGET_NAME)";
				TEST_HOST = "$(BUILT_PRODUCTS_DIR)/Exam_1.app/Exam_1";
			};
			name = Release;
		};
/* End XCBuildConfiguration section */

/* Begin XCConfigurationList section */
		3F8777F319E7B1CD00A3F961 /* Build configuration list for PBXProject "Exam_1" */ = {
			isa = XCConfigurationList;
			buildConfigurations = (
				3F87781519E7B1CD00A3F961 /* Debug */,
				3F87781619E7B1CD00A3F961 /* Release */,
			);
			defaultConfigurationIsVisible = 0;
			defaultConfigurationName = Release;
		};
		3F87781719E7B1CD00A3F961 /* Build configuration list for PBXNativeTarget "Exam_1" */ = {
			isa = XCConfigurationList;
			buildConfigurations = (
				3F87781819E7B1CD00A3F961 /* Debug */,
				3F87781919E7B1CD00A3F961 /* Release */,
			);
			defaultConfigurationIsVisible = 0;
		};
		3F87781A19E7B1CD00A3F961 /* Build configuration list for PBXNativeTarget "Exam_1Tests" */ = {
			isa = XCConfigurationList;
			buildConfigurations = (
				3F87781B19E7B1CD00A3F961 /* Debug */,
				3F87781C19E7B1CD00A3F961 /* Release */,
			);
			defaultConfigurationIsVisible = 0;
		};
/* End XCConfigurationList section */
	};
	rootObject = 3F8777F019E7B1CD00A3F961 /* Project object */;
}
