// !$*UTF8*$!
{
	archiveVersion = 1;
	classes = {
	};
	objectVersion = 46;
	objects = {

/* Begin PBXBuildFile section */
		3F107BAC19D2AF9800224355 /* AppDelegate.swift in Sources */ = {isa = PBXBuildFile; fileRef = 3F107BAB19D2AF9800224355 /* AppDelegate.swift */; };
		3F107BAE19D2AF9800224355 /* ViewController.swift in Sources */ = {isa = PBXBuildFile; fileRef = 3F107BAD19D2AF9800224355 /* ViewController.swift */; };
		3F107BB119D2AF9800224355 /* Main.storyboard in Resources */ = {isa = PBXBuildFile; fileRef = 3F107BAF19D2AF9800224355 /* Main.storyboard */; };
		3F107BB319D2AF9800224355 /* Images.xcassets in Resources */ = {isa = PBXBuildFile; fileRef = 3F107BB219D2AF9800224355 /* Images.xcassets */; };
		3F107BB619D2AF9800224355 /* LaunchScreen.xib in Resources */ = {isa = PBXBuildFile; fileRef = 3F107BB419D2AF9800224355 /* LaunchScreen.xib */; };
		3F107BC219D2AF9800224355 /* SwiftTableViewTests.swift in Sources */ = {isa = PBXBuildFile; fileRef = 3F107BC119D2AF9800224355 /* SwiftTableViewTests.swift */; };
		3F107BCE19D2BC9B00224355 /* Bus.png in Resources */ = {isa = PBXBuildFile; fileRef = 3F107BCB19D2BC9B00224355 /* Bus.png */; };
		3F107BCF19D2BC9B00224355 /* Helicopter.png in Resources */ = {isa = PBXBuildFile; fileRef = 3F107BCC19D2BC9B00224355 /* Helicopter.png */; };
		3F107BD019D2BC9B00224355 /* Truck.png in Resources */ = {isa = PBXBuildFile; fileRef = 3F107BCD19D2BC9B00224355 /* Truck.png */; };
/* End PBXBuildFile section */

/* Begin PBXContainerItemProxy section */
		3F107BBC19D2AF9800224355 /* PBXContainerItemProxy */ = {
			isa = PBXContainerItemProxy;
			containerPortal = 3F107B9E19D2AF9800224355 /* Project object */;
			proxyType = 1;
			remoteGlobalIDString = 3F107BA519D2AF9800224355;
			remoteInfo = SwiftTableView;
		};
/* End PBXContainerItemProxy section */

/* Begin PBXFileReference section */
		3F107BA619D2AF9800224355 /* SwiftTableView.app */ = {isa = PBXFileReference; explicitFileType = wrapper.application; includeInIndex = 0; path = SwiftTableView.app; sourceTree = BUILT_PRODUCTS_DIR; };
		3F107BAA19D2AF9800224355 /* Info.plist */ = {isa = PBXFileReference; lastKnownFileType = text.plist.xml; path = Info.plist; sourceTree = "<group>"; };
		3F107BAB19D2AF9800224355 /* AppDelegate.swift */ = {isa = PBXFileReference; lastKnownFileType = sourcecode.swift; path = AppDelegate.swift; sourceTree = "<group>"; };
		3F107BAD19D2AF9800224355 /* ViewController.swift */ = {isa = PBXFileReference; lastKnownFileType = sourcecode.swift; path = ViewController.swift; sourceTree = "<group>"; };
		3F107BB019D2AF9800224355 /* Base */ = {isa = PBXFileReference; lastKnownFileType = file.storyboard; name = Base; path = Base.lproj/Main.storyboard; sourceTree = "<group>"; };
		3F107BB219D2AF9800224355 /* Images.xcassets */ = {isa = PBXFileReference; lastKnownFileType = folder.assetcatalog; path = Images.xcassets; sourceTree = "<group>"; };
		3F107BB519D2AF9800224355 /* Base */ = {isa = PBXFileReference; lastKnownFileType = file.xib; name = Base; path = Base.lproj/LaunchScreen.xib; sourceTree = "<group>"; };
		3F107BBB19D2AF9800224355 /* SwiftTableViewTests.xctest */ = {isa = PBXFileReference; explicitFileType = wrapper.cfbundle; includeInIndex = 0; path = SwiftTableViewTests.xctest; sourceTree = BUILT_PRODUCTS_DIR; };
		3F107BC019D2AF9800224355 /* Info.plist */ = {isa = PBXFileReference; lastKnownFileType = text.plist.xml; path = Info.plist; sourceTree = "<group>"; };
		3F107BC119D2AF9800224355 /* SwiftTableViewTests.swift */ = {isa = PBXFileReference; lastKnownFileType = sourcecode.swift; path = SwiftTableViewTests.swift; sourceTree = "<group>"; };
		3F107BCB19D2BC9B00224355 /* Bus.png */ = {isa = PBXFileReference; lastKnownFileType = image.png; path = Bus.png; sourceTree = "<group>"; };
		3F107BCC19D2BC9B00224355 /* Helicopter.png */ = {isa = PBXFileReference; lastKnownFileType = image.png; path = Helicopter.png; sourceTree = "<group>"; };
		3F107BCD19D2BC9B00224355 /* Truck.png */ = {isa = PBXFileReference; lastKnownFileType = image.png; path = Truck.png; sourceTree = "<group>"; };
/* End PBXFileReference section */

/* Begin PBXFrameworksBuildPhase section */
		3F107BA319D2AF9800224355 /* Frameworks */ = {
			isa = PBXFrameworksBuildPhase;
			buildActionMask = 2147483647;
			files = (
			);
			runOnlyForDeploymentPostprocessing = 0;
		};
		3F107BB819D2AF9800224355 /* Frameworks */ = {
			isa = PBXFrameworksBuildPhase;
			buildActionMask = 2147483647;
			files = (
			);
			runOnlyForDeploymentPostprocessing = 0;
		};
/* End PBXFrameworksBuildPhase section */

/* Begin PBXGroup section */
		3F107B9D19D2AF9800224355 = {
			isa = PBXGroup;
			children = (
				3F107BA819D2AF9800224355 /* SwiftTableView */,
				3F107BBE19D2AF9800224355 /* SwiftTableViewTests */,
				3F107BA719D2AF9800224355 /* Products */,
			);
			sourceTree = "<group>";
		};
		3F107BA719D2AF9800224355 /* Products */ = {
			isa = PBXGroup;
			children = (
				3F107BA619D2AF9800224355 /* SwiftTableView.app */,
				3F107BBB19D2AF9800224355 /* SwiftTableViewTests.xctest */,
			);
			name = Products;
			sourceTree = "<group>";
		};
		3F107BA819D2AF9800224355 /* SwiftTableView */ = {
			isa = PBXGroup;
			children = (
				3F107BAB19D2AF9800224355 /* AppDelegate.swift */,
				3F107BAD19D2AF9800224355 /* ViewController.swift */,
				3F107BAF19D2AF9800224355 /* Main.storyboard */,
				3F107BB219D2AF9800224355 /* Images.xcassets */,
				3F107BB419D2AF9800224355 /* LaunchScreen.xib */,
				3F107BA919D2AF9800224355 /* Supporting Files */,
			);
			path = SwiftTableView;
			sourceTree = "<group>";
		};
		3F107BA919D2AF9800224355 /* Supporting Files */ = {
			isa = PBXGroup;
			children = (
				3F107BCB19D2BC9B00224355 /* Bus.png */,
				3F107BCC19D2BC9B00224355 /* Helicopter.png */,
				3F107BCD19D2BC9B00224355 /* Truck.png */,
				3F107BAA19D2AF9800224355 /* Info.plist */,
			);
			name = "Supporting Files";
			sourceTree = "<group>";
		};
		3F107BBE19D2AF9800224355 /* SwiftTableViewTests */ = {
			isa = PBXGroup;
			children = (
				3F107BC119D2AF9800224355 /* SwiftTableViewTests.swift */,
				3F107BBF19D2AF9800224355 /* Supporting Files */,
			);
			path = SwiftTableViewTests;
			sourceTree = "<group>";
		};
		3F107BBF19D2AF9800224355 /* Supporting Files */ = {
			isa = PBXGroup;
			children = (
				3F107BC019D2AF9800224355 /* Info.plist */,
			);
			name = "Supporting Files";
			sourceTree = "<group>";
		};
/* End PBXGroup section */

/* Begin PBXNativeTarget section */
		3F107BA519D2AF9800224355 /* SwiftTableView */ = {
			isa = PBXNativeTarget;
			buildConfigurationList = 3F107BC519D2AF9800224355 /* Build configuration list for PBXNativeTarget "SwiftTableView" */;
			buildPhases = (
				3F107BA219D2AF9800224355 /* Sources */,
				3F107BA319D2AF9800224355 /* Frameworks */,
				3F107BA419D2AF9800224355 /* Resources */,
			);
			buildRules = (
			);
			dependencies = (
			);
			name = SwiftTableView;
			productName = SwiftTableView;
			productReference = 3F107BA619D2AF9800224355 /* SwiftTableView.app */;
			productType = "com.apple.product-type.application";
		};
		3F107BBA19D2AF9800224355 /* SwiftTableViewTests */ = {
			isa = PBXNativeTarget;
			buildConfigurationList = 3F107BC819D2AF9800224355 /* Build configuration list for PBXNativeTarget "SwiftTableViewTests" */;
			buildPhases = (
				3F107BB719D2AF9800224355 /* Sources */,
				3F107BB819D2AF9800224355 /* Frameworks */,
				3F107BB919D2AF9800224355 /* Resources */,
			);
			buildRules = (
			);
			dependencies = (
				3F107BBD19D2AF9800224355 /* PBXTargetDependency */,
			);
			name = SwiftTableViewTests;
			productName = SwiftTableViewTests;
			productReference = 3F107BBB19D2AF9800224355 /* SwiftTableViewTests.xctest */;
			productType = "com.apple.product-type.bundle.unit-test";
		};
/* End PBXNativeTarget section */

/* Begin PBXProject section */
		3F107B9E19D2AF9800224355 /* Project object */ = {
			isa = PBXProject;
			attributes = {
				LastUpgradeCheck = 0600;
				ORGANIZATIONNAME = student;
				TargetAttributes = {
					3F107BA519D2AF9800224355 = {
						CreatedOnToolsVersion = 6.0;
					};
					3F107BBA19D2AF9800224355 = {
						CreatedOnToolsVersion = 6.0;
						TestTargetID = 3F107BA519D2AF9800224355;
					};
				};
			};
			buildConfigurationList = 3F107BA119D2AF9800224355 /* Build configuration list for PBXProject "SwiftTableView" */;
			compatibilityVersion = "Xcode 3.2";
			developmentRegion = English;
			hasScannedForEncodings = 0;
			knownRegions = (
				en,
				Base,
			);
			mainGroup = 3F107B9D19D2AF9800224355;
			productRefGroup = 3F107BA719D2AF9800224355 /* Products */;
			projectDirPath = "";
			projectRoot = "";
			targets = (
				3F107BA519D2AF9800224355 /* SwiftTableView */,
				3F107BBA19D2AF9800224355 /* SwiftTableViewTests */,
			);
		};
/* End PBXProject section */

/* Begin PBXResourcesBuildPhase section */
		3F107BA419D2AF9800224355 /* Resources */ = {
			isa = PBXResourcesBuildPhase;
			buildActionMask = 2147483647;
			files = (
				3F107BCF19D2BC9B00224355 /* Helicopter.png in Resources */,
				3F107BCE19D2BC9B00224355 /* Bus.png in Resources */,
				3F107BB119D2AF9800224355 /* Main.storyboard in Resources */,
				3F107BD019D2BC9B00224355 /* Truck.png in Resources */,
				3F107BB619D2AF9800224355 /* LaunchScreen.xib in Resources */,
				3F107BB319D2AF9800224355 /* Images.xcassets in Resources */,
			);
			runOnlyForDeploymentPostprocessing = 0;
		};
		3F107BB919D2AF9800224355 /* Resources */ = {
			isa = PBXResourcesBuildPhase;
			buildActionMask = 2147483647;
			files = (
			);
			runOnlyForDeploymentPostprocessing = 0;
		};
/* End PBXResourcesBuildPhase section */

/* Begin PBXSourcesBuildPhase section */
		3F107BA219D2AF9800224355 /* Sources */ = {
			isa = PBXSourcesBuildPhase;
			buildActionMask = 2147483647;
			files = (
				3F107BAE19D2AF9800224355 /* ViewController.swift in Sources */,
				3F107BAC19D2AF9800224355 /* AppDelegate.swift in Sources */,
			);
			runOnlyForDeploymentPostprocessing = 0;
		};
		3F107BB719D2AF9800224355 /* Sources */ = {
			isa = PBXSourcesBuildPhase;
			buildActionMask = 2147483647;
			files = (
				3F107BC219D2AF9800224355 /* SwiftTableViewTests.swift in Sources */,
			);
			runOnlyForDeploymentPostprocessing = 0;
		};
/* End PBXSourcesBuildPhase section */

/* Begin PBXTargetDependency section */
		3F107BBD19D2AF9800224355 /* PBXTargetDependency */ = {
			isa = PBXTargetDependency;
			target = 3F107BA519D2AF9800224355 /* SwiftTableView */;
			targetProxy = 3F107BBC19D2AF9800224355 /* PBXContainerItemProxy */;
		};
/* End PBXTargetDependency section */

/* Begin PBXVariantGroup section */
		3F107BAF19D2AF9800224355 /* Main.storyboard */ = {
			isa = PBXVariantGroup;
			children = (
				3F107BB019D2AF9800224355 /* Base */,
			);
			name = Main.storyboard;
			sourceTree = "<group>";
		};
		3F107BB419D2AF9800224355 /* LaunchScreen.xib */ = {
			isa = PBXVariantGroup;
			children = (
				3F107BB519D2AF9800224355 /* Base */,
			);
			name = LaunchScreen.xib;
			sourceTree = "<group>";
		};
/* End PBXVariantGroup section */

/* Begin XCBuildConfiguration section */
		3F107BC319D2AF9800224355 /* Debug */ = {
			isa = XCBuildConfiguration;
			buildSettings = {
				ALWAYS_SEARCH_USER_PATHS = NO;
				CLANG_CXX_LANGUAGE_STANDARD = "gnu++0x";
				CLANG_CXX_LIBRARY = "libc++";
				CLANG_ENABLE_MODULES = YES;
				CLANG_ENABLE_OBJC_ARC = YES;
				CLANG_WARN_BOOL_CONVERSION = YES;
				CLANG_WARN_CONSTANT_CONVERSION = YES;
				CLANG_WARN_DIRECT_OBJC_ISA_USAGE = YES_ERROR;
				CLANG_WARN_EMPTY_BODY = YES;
				CLANG_WARN_ENUM_CONVERSION = YES;
				CLANG_WARN_INT_CONVERSION = YES;
				CLANG_WARN_OBJC_ROOT_CLASS = YES_ERROR;
				CLANG_WARN_UNREACHABLE_CODE = YES;
				CLANG_WARN__DUPLICATE_METHOD_MATCH = YES;
				"CODE_SIGN_IDENTITY[sdk=iphoneos*]" = "iPhone Developer";
				COPY_PHASE_STRIP = NO;
				ENABLE_STRICT_OBJC_MSGSEND = YES;
				GCC_C_LANGUAGE_STANDARD = gnu99;
				GCC_DYNAMIC_NO_PIC = NO;
				GCC_OPTIMIZATION_LEVEL = 0;
				GCC_PREPROCESSOR_DEFINITIONS = (
					"DEBUG=1",
					"$(inherited)",
				);
				GCC_SYMBOLS_PRIVATE_EXTERN = NO;
				GCC_WARN_64_TO_32_BIT_CONVERSION = YES;
				GCC_WARN_ABOUT_RETURN_TYPE = YES_ERROR;
				GCC_WARN_UNDECLARED_SELECTOR = YES;
				GCC_WARN_UNINITIALIZED_AUTOS = YES_AGGRESSIVE;
				GCC_WARN_UNUSED_FUNCTION = YES;
				GCC_WARN_UNUSED_VARIABLE = YES;
				IPHONEOS_DEPLOYMENT_TARGET = 8.0;
				MTL_ENABLE_DEBUG_INFO = YES;
				ONLY_ACTIVE_ARCH = YES;
				SDKROOT = iphoneos;
				SWIFT_OPTIMIZATION_LEVEL = "-Onone";
			};
			name = Debug;
		};
		3F107BC419D2AF9800224355 /* Release */ = {
			isa = XCBuildConfiguration;
			buildSettings = {
				ALWAYS_SEARCH_USER_PATHS = NO;
				CLANG_CXX_LANGUAGE_STANDARD = "gnu++0x";
				CLANG_CXX_LIBRARY = "libc++";
				CLANG_ENABLE_MODULES = YES;
				CLANG_ENABLE_OBJC_ARC = YES;
				CLANG_WARN_BOOL_CONVERSION = YES;
				CLANG_WARN_CONSTANT_CONVERSION = YES;
				CLANG_WARN_DIRECT_OBJC_ISA_USAGE = YES_ERROR;
				CLANG_WARN_EMPTY_BODY = YES;
				CLANG_WARN_ENUM_CONVERSION = YES;
				CLANG_WARN_INT_CONVERSION = YES;
				CLANG_WARN_OBJC_ROOT_CLASS = YES_ERROR;
				CLANG_WARN_UNREACHABLE_CODE = YES;
				CLANG_WARN__DUPLICATE_METHOD_MATCH = YES;
				"CODE_SIGN_IDENTITY[sdk=iphoneos*]" = "iPhone Developer";
				COPY_PHASE_STRIP = YES;
				ENABLE_NS_ASSERTIONS = NO;
				ENABLE_STRICT_OBJC_MSGSEND = YES;
				GCC_C_LANGUAGE_STANDARD = gnu99;
				GCC_WARN_64_TO_32_BIT_CONVERSION = YES;
				GCC_WARN_ABOUT_RETURN_TYPE = YES_ERROR;
				GCC_WARN_UNDECLARED_SELECTOR = YES;
				GCC_WARN_UNINITIALIZED_AUTOS = YES_AGGRESSIVE;
				GCC_WARN_UNUSED_FUNCTION = YES;
				GCC_WARN_UNUSED_VARIABLE = YES;
				IPHONEOS_DEPLOYMENT_TARGET = 8.0;
				MTL_ENABLE_DEBUG_INFO = NO;
				SDKROOT = iphoneos;
				VALIDATE_PRODUCT = YES;
			};
			name = Release;
		};
		3F107BC619D2AF9800224355 /* Debug */ = {
			isa = XCBuildConfiguration;
			buildSettings = {
				ASSETCATALOG_COMPILER_APPICON_NAME = AppIcon;
				INFOPLIST_FILE = SwiftTableView/Info.plist;
				LD_RUNPATH_SEARCH_PATHS = "$(inherited) @executable_path/Frameworks";
				PRODUCT_NAME = "$(TARGET_NAME)";
			};
			name = Debug;
		};
		3F107BC719D2AF9800224355 /* Release */ = {
			isa = XCBuildConfiguration;
			buildSettings = {
				ASSETCATALOG_COMPILER_APPICON_NAME = AppIcon;
				INFOPLIST_FILE = SwiftTableView/Info.plist;
				LD_RUNPATH_SEARCH_PATHS = "$(inherited) @executable_path/Frameworks";
				PRODUCT_NAME = "$(TARGET_NAME)";
			};
			name = Release;
		};
		3F107BC919D2AF9800224355 /* Debug */ = {
			isa = XCBuildConfiguration;
			buildSettings = {
				BUNDLE_LOADER = "$(TEST_HOST)";
				FRAMEWORK_SEARCH_PATHS = (
					"$(SDKROOT)/Developer/Library/Frameworks",
					"$(inherited)",
				);
				GCC_PREPROCESSOR_DEFINITIONS = (
					"DEBUG=1",
					"$(inherited)",
				);
				INFOPLIST_FILE = SwiftTableViewTests/Info.plist;
				LD_RUNPATH_SEARCH_PATHS = "$(inherited) @executable_path/Frameworks @loader_path/Frameworks";
				PRODUCT_NAME = "$(TARGET_NAME)";
				TEST_HOST = "$(BUILT_PRODUCTS_DIR)/SwiftTableView.app/SwiftTableView";
			};
			name = Debug;
		};
		3F107BCA19D2AF9800224355 /* Release */ = {
			isa = XCBuildConfiguration;
			buildSettings = {
				BUNDLE_LOADER = "$(TEST_HOST)";
				FRAMEWORK_SEARCH_PATHS = (
					"$(SDKROOT)/Developer/Library/Frameworks",
					"$(inherited)",
				);
				INFOPLIST_FILE = SwiftTableViewTests/Info.plist;
				LD_RUNPATH_SEARCH_PATHS = "$(inherited) @executable_path/Frameworks @loader_path/Frameworks";
				PRODUCT_NAME = "$(TARGET_NAME)";
				TEST_HOST = "$(BUILT_PRODUCTS_DIR)/SwiftTableView.app/SwiftTableView";
			};
			name = Release;
		};
/* End XCBuildConfiguration section */

/* Begin XCConfigurationList section */
		3F107BA119D2AF9800224355 /* Build configuration list for PBXProject "SwiftTableView" */ = {
			isa = XCConfigurationList;
			buildConfigurations = (
				3F107BC319D2AF9800224355 /* Debug */,
				3F107BC419D2AF9800224355 /* Release */,
			);
			defaultConfigurationIsVisible = 0;
			defaultConfigurationName = Release;
		};
		3F107BC519D2AF9800224355 /* Build configuration list for PBXNativeTarget "SwiftTableView" */ = {
			isa = XCConfigurationList;
			buildConfigurations = (
				3F107BC619D2AF9800224355 /* Debug */,
				3F107BC719D2AF9800224355 /* Release */,
			);
			defaultConfigurationIsVisible = 0;
		};
		3F107BC819D2AF9800224355 /* Build configuration list for PBXNativeTarget "SwiftTableViewTests" */ = {
			isa = XCConfigurationList;
			buildConfigurations = (
				3F107BC919D2AF9800224355 /* Debug */,
				3F107BCA19D2AF9800224355 /* Release */,
			);
			defaultConfigurationIsVisible = 0;
		};
/* End XCConfigurationList section */
	};
	rootObject = 3F107B9E19D2AF9800224355 /* Project object */;
}
