// !$*UTF8*$!
{
	archiveVersion = 1;
	classes = {
	};
	objectVersion = 46;
	objects = {

/* Begin PBXBuildFile section */
		3FA4AA6419F7AA2D00D48793 /* AppDelegate.swift in Sources */ = {isa = PBXBuildFile; fileRef = 3FA4AA6319F7AA2D00D48793 /* AppDelegate.swift */; };
		3FA4AA6619F7AA2D00D48793 /* ViewController.swift in Sources */ = {isa = PBXBuildFile; fileRef = 3FA4AA6519F7AA2D00D48793 /* ViewController.swift */; };
		3FA4AA6919F7AA2D00D48793 /* Main.storyboard in Resources */ = {isa = PBXBuildFile; fileRef = 3FA4AA6719F7AA2D00D48793 /* Main.storyboard */; };
		3FA4AA6B19F7AA2D00D48793 /* Images.xcassets in Resources */ = {isa = PBXBuildFile; fileRef = 3FA4AA6A19F7AA2D00D48793 /* Images.xcassets */; };
		3FA4AA6E19F7AA2D00D48793 /* LaunchScreen.xib in Resources */ = {isa = PBXBuildFile; fileRef = 3FA4AA6C19F7AA2D00D48793 /* LaunchScreen.xib */; };
		3FA4AA7A19F7AA2D00D48793 /* SeguePracTests.swift in Sources */ = {isa = PBXBuildFile; fileRef = 3FA4AA7919F7AA2D00D48793 /* SeguePracTests.swift */; };
		3FA4AA8419F7AB2900D48793 /* ColorTwoViewController.swift in Sources */ = {isa = PBXBuildFile; fileRef = 3FA4AA8319F7AB2900D48793 /* ColorTwoViewController.swift */; };
/* End PBXBuildFile section */

/* Begin PBXContainerItemProxy section */
		3FA4AA7419F7AA2D00D48793 /* PBXContainerItemProxy */ = {
			isa = PBXContainerItemProxy;
			containerPortal = 3FA4AA5619F7AA2D00D48793 /* Project object */;
			proxyType = 1;
			remoteGlobalIDString = 3FA4AA5D19F7AA2D00D48793;
			remoteInfo = SeguePrac;
		};
/* End PBXContainerItemProxy section */

/* Begin PBXFileReference section */
		3FA4AA5E19F7AA2D00D48793 /* SeguePrac.app */ = {isa = PBXFileReference; explicitFileType = wrapper.application; includeInIndex = 0; path = SeguePrac.app; sourceTree = BUILT_PRODUCTS_DIR; };
		3FA4AA6219F7AA2D00D48793 /* Info.plist */ = {isa = PBXFileReference; lastKnownFileType = text.plist.xml; path = Info.plist; sourceTree = "<group>"; };
		3FA4AA6319F7AA2D00D48793 /* AppDelegate.swift */ = {isa = PBXFileReference; lastKnownFileType = sourcecode.swift; path = AppDelegate.swift; sourceTree = "<group>"; };
		3FA4AA6519F7AA2D00D48793 /* ViewController.swift */ = {isa = PBXFileReference; lastKnownFileType = sourcecode.swift; path = ViewController.swift; sourceTree = "<group>"; };
		3FA4AA6819F7AA2D00D48793 /* Base */ = {isa = PBXFileReference; lastKnownFileType = file.storyboard; name = Base; path = Base.lproj/Main.storyboard; sourceTree = "<group>"; };
		3FA4AA6A19F7AA2D00D48793 /* Images.xcassets */ = {isa = PBXFileReference; lastKnownFileType = folder.assetcatalog; path = Images.xcassets; sourceTree = "<group>"; };
		3FA4AA6D19F7AA2D00D48793 /* Base */ = {isa = PBXFileReference; lastKnownFileType = file.xib; name = Base; path = Base.lproj/LaunchScreen.xib; sourceTree = "<group>"; };
		3FA4AA7319F7AA2D00D48793 /* SeguePracTests.xctest */ = {isa = PBXFileReference; explicitFileType = wrapper.cfbundle; includeInIndex = 0; path = SeguePracTests.xctest; sourceTree = BUILT_PRODUCTS_DIR; };
		3FA4AA7819F7AA2D00D48793 /* Info.plist */ = {isa = PBXFileReference; lastKnownFileType = text.plist.xml; path = Info.plist; sourceTree = "<group>"; };
		3FA4AA7919F7AA2D00D48793 /* SeguePracTests.swift */ = {isa = PBXFileReference; lastKnownFileType = sourcecode.swift; path = SeguePracTests.swift; sourceTree = "<group>"; };
		3FA4AA8319F7AB2900D48793 /* ColorTwoViewController.swift */ = {isa = PBXFileReference; fileEncoding = 4; lastKnownFileType = sourcecode.swift; path = ColorTwoViewController.swift; sourceTree = "<group>"; };
/* End PBXFileReference section */

/* Begin PBXFrameworksBuildPhase section */
		3FA4AA5B19F7AA2D00D48793 /* Frameworks */ = {
			isa = PBXFrameworksBuildPhase;
			buildActionMask = 2147483647;
			files = (
			);
			runOnlyForDeploymentPostprocessing = 0;
		};
		3FA4AA7019F7AA2D00D48793 /* Frameworks */ = {
			isa = PBXFrameworksBuildPhase;
			buildActionMask = 2147483647;
			files = (
			);
			runOnlyForDeploymentPostprocessing = 0;
		};
/* End PBXFrameworksBuildPhase section */

/* Begin PBXGroup section */
		3FA4AA5519F7AA2D00D48793 = {
			isa = PBXGroup;
			children = (
				3FA4AA6019F7AA2D00D48793 /* SeguePrac */,
				3FA4AA7619F7AA2D00D48793 /* SeguePracTests */,
				3FA4AA5F19F7AA2D00D48793 /* Products */,
			);
			sourceTree = "<group>";
		};
		3FA4AA5F19F7AA2D00D48793 /* Products */ = {
			isa = PBXGroup;
			children = (
				3FA4AA5E19F7AA2D00D48793 /* SeguePrac.app */,
				3FA4AA7319F7AA2D00D48793 /* SeguePracTests.xctest */,
			);
			name = Products;
			sourceTree = "<group>";
		};
		3FA4AA6019F7AA2D00D48793 /* SeguePrac */ = {
			isa = PBXGroup;
			children = (
				3FA4AA6319F7AA2D00D48793 /* AppDelegate.swift */,
				3FA4AA6519F7AA2D00D48793 /* ViewController.swift */,
				3FA4AA6719F7AA2D00D48793 /* Main.storyboard */,
				3FA4AA8319F7AB2900D48793 /* ColorTwoViewController.swift */,
				3FA4AA6A19F7AA2D00D48793 /* Images.xcassets */,
				3FA4AA6C19F7AA2D00D48793 /* LaunchScreen.xib */,
				3FA4AA6119F7AA2D00D48793 /* Supporting Files */,
			);
			path = SeguePrac;
			sourceTree = "<group>";
		};
		3FA4AA6119F7AA2D00D48793 /* Supporting Files */ = {
			isa = PBXGroup;
			children = (
				3FA4AA6219F7AA2D00D48793 /* Info.plist */,
			);
			name = "Supporting Files";
			sourceTree = "<group>";
		};
		3FA4AA7619F7AA2D00D48793 /* SeguePracTests */ = {
			isa = PBXGroup;
			children = (
				3FA4AA7919F7AA2D00D48793 /* SeguePracTests.swift */,
				3FA4AA7719F7AA2D00D48793 /* Supporting Files */,
			);
			path = SeguePracTests;
			sourceTree = "<group>";
		};
		3FA4AA7719F7AA2D00D48793 /* Supporting Files */ = {
			isa = PBXGroup;
			children = (
				3FA4AA7819F7AA2D00D48793 /* Info.plist */,
			);
			name = "Supporting Files";
			sourceTree = "<group>";
		};
/* End PBXGroup section */

/* Begin PBXNativeTarget section */
		3FA4AA5D19F7AA2D00D48793 /* SeguePrac */ = {
			isa = PBXNativeTarget;
			buildConfigurationList = 3FA4AA7D19F7AA2D00D48793 /* Build configuration list for PBXNativeTarget "SeguePrac" */;
			buildPhases = (
				3FA4AA5A19F7AA2D00D48793 /* Sources */,
				3FA4AA5B19F7AA2D00D48793 /* Frameworks */,
				3FA4AA5C19F7AA2D00D48793 /* Resources */,
			);
			buildRules = (
			);
			dependencies = (
			);
			name = SeguePrac;
			productName = SeguePrac;
			productReference = 3FA4AA5E19F7AA2D00D48793 /* SeguePrac.app */;
			productType = "com.apple.product-type.application";
		};
		3FA4AA7219F7AA2D00D48793 /* SeguePracTests */ = {
			isa = PBXNativeTarget;
			buildConfigurationList = 3FA4AA8019F7AA2D00D48793 /* Build configuration list for PBXNativeTarget "SeguePracTests" */;
			buildPhases = (
				3FA4AA6F19F7AA2D00D48793 /* Sources */,
				3FA4AA7019F7AA2D00D48793 /* Frameworks */,
				3FA4AA7119F7AA2D00D48793 /* Resources */,
			);
			buildRules = (
			);
			dependencies = (
				3FA4AA7519F7AA2D00D48793 /* PBXTargetDependency */,
			);
			name = SeguePracTests;
			productName = SeguePracTests;
			productReference = 3FA4AA7319F7AA2D00D48793 /* SeguePracTests.xctest */;
			productType = "com.apple.product-type.bundle.unit-test";
		};
/* End PBXNativeTarget section */

/* Begin PBXProject section */
		3FA4AA5619F7AA2D00D48793 /* Project object */ = {
			isa = PBXProject;
			attributes = {
				LastUpgradeCheck = 0600;
				ORGANIZATIONNAME = Student;
				TargetAttributes = {
					3FA4AA5D19F7AA2D00D48793 = {
						CreatedOnToolsVersion = 6.0;
					};
					3FA4AA7219F7AA2D00D48793 = {
						CreatedOnToolsVersion = 6.0;
						TestTargetID = 3FA4AA5D19F7AA2D00D48793;
					};
				};
			};
			buildConfigurationList = 3FA4AA5919F7AA2D00D48793 /* Build configuration list for PBXProject "SeguePrac" */;
			compatibilityVersion = "Xcode 3.2";
			developmentRegion = English;
			hasScannedForEncodings = 0;
			knownRegions = (
				en,
				Base,
			);
			mainGroup = 3FA4AA5519F7AA2D00D48793;
			productRefGroup = 3FA4AA5F19F7AA2D00D48793 /* Products */;
			projectDirPath = "";
			projectRoot = "";
			targets = (
				3FA4AA5D19F7AA2D00D48793 /* SeguePrac */,
				3FA4AA7219F7AA2D00D48793 /* SeguePracTests */,
			);
		};
/* End PBXProject section */

/* Begin PBXResourcesBuildPhase section */
		3FA4AA5C19F7AA2D00D48793 /* Resources */ = {
			isa = PBXResourcesBuildPhase;
			buildActionMask = 2147483647;
			files = (
				3FA4AA6919F7AA2D00D48793 /* Main.storyboard in Resources */,
				3FA4AA6E19F7AA2D00D48793 /* LaunchScreen.xib in Resources */,
				3FA4AA6B19F7AA2D00D48793 /* Images.xcassets in Resources */,
			);
			runOnlyForDeploymentPostprocessing = 0;
		};
		3FA4AA7119F7AA2D00D48793 /* Resources */ = {
			isa = PBXResourcesBuildPhase;
			buildActionMask = 2147483647;
			files = (
			);
			runOnlyForDeploymentPostprocessing = 0;
		};
/* End PBXResourcesBuildPhase section */

/* Begin PBXSourcesBuildPhase section */
		3FA4AA5A19F7AA2D00D48793 /* Sources */ = {
			isa = PBXSourcesBuildPhase;
			buildActionMask = 2147483647;
			files = (
				3FA4AA6619F7AA2D00D48793 /* ViewController.swift in Sources */,
				3FA4AA6419F7AA2D00D48793 /* AppDelegate.swift in Sources */,
				3FA4AA8419F7AB2900D48793 /* ColorTwoViewController.swift in Sources */,
			);
			runOnlyForDeploymentPostprocessing = 0;
		};
		3FA4AA6F19F7AA2D00D48793 /* Sources */ = {
			isa = PBXSourcesBuildPhase;
			buildActionMask = 2147483647;
			files = (
				3FA4AA7A19F7AA2D00D48793 /* SeguePracTests.swift in Sources */,
			);
			runOnlyForDeploymentPostprocessing = 0;
		};
/* End PBXSourcesBuildPhase section */

/* Begin PBXTargetDependency section */
		3FA4AA7519F7AA2D00D48793 /* PBXTargetDependency */ = {
			isa = PBXTargetDependency;
			target = 3FA4AA5D19F7AA2D00D48793 /* SeguePrac */;
			targetProxy = 3FA4AA7419F7AA2D00D48793 /* PBXContainerItemProxy */;
		};
/* End PBXTargetDependency section */

/* Begin PBXVariantGroup section */
		3FA4AA6719F7AA2D00D48793 /* Main.storyboard */ = {
			isa = PBXVariantGroup;
			children = (
				3FA4AA6819F7AA2D00D48793 /* Base */,
			);
			name = Main.storyboard;
			sourceTree = "<group>";
		};
		3FA4AA6C19F7AA2D00D48793 /* LaunchScreen.xib */ = {
			isa = PBXVariantGroup;
			children = (
				3FA4AA6D19F7AA2D00D48793 /* Base */,
			);
			name = LaunchScreen.xib;
			sourceTree = "<group>";
		};
/* End PBXVariantGroup section */

/* Begin XCBuildConfiguration section */
		3FA4AA7B19F7AA2D00D48793 /* Debug */ = {
			isa = XCBuildConfiguration;
			buildSettings = {
				ALWAYS_SEARCH_USER_PATHS = NO;
				CLANG_CXX_LANGUAGE_STANDARD = "gnu++0x";
				CLANG_CXX_LIBRARY = "libc++";
				CLANG_ENABLE_MODULES = YES;
				CLANG_ENABLE_OBJC_ARC = YES;
				CLANG_WARN_BOOL_CONVERSION = YES;
				CLANG_WARN_CONSTANT_CONVERSION = YES;
				CLANG_WARN_DIRECT_OBJC_ISA_USAGE = YES_ERROR;
				CLANG_WARN_EMPTY_BODY = YES;
				CLANG_WARN_ENUM_CONVERSION = YES;
				CLANG_WARN_INT_CONVERSION = YES;
				CLANG_WARN_OBJC_ROOT_CLASS = YES_ERROR;
				CLANG_WARN_UNREACHABLE_CODE = YES;
				CLANG_WARN__DUPLICATE_METHOD_MATCH = YES;
				"CODE_SIGN_IDENTITY[sdk=iphoneos*]" = "iPhone Developer";
				COPY_PHASE_STRIP = NO;
				ENABLE_STRICT_OBJC_MSGSEND = YES;
				GCC_C_LANGUAGE_STANDARD = gnu99;
				GCC_DYNAMIC_NO_PIC = NO;
				GCC_OPTIMIZATION_LEVEL = 0;
				GCC_PREPROCESSOR_DEFINITIONS = (
					"DEBUG=1",
					"$(inherited)",
				);
				GCC_SYMBOLS_PRIVATE_EXTERN = NO;
				GCC_WARN_64_TO_32_BIT_CONVERSION = YES;
				GCC_WARN_ABOUT_RETURN_TYPE = YES_ERROR;
				GCC_WARN_UNDECLARED_SELECTOR = YES;
				GCC_WARN_UNINITIALIZED_AUTOS = YES_AGGRESSIVE;
				GCC_WARN_UNUSED_FUNCTION = YES;
				GCC_WARN_UNUSED_VARIABLE = YES;
				IPHONEOS_DEPLOYMENT_TARGET = 8.0;
				MTL_ENABLE_DEBUG_INFO = YES;
				ONLY_ACTIVE_ARCH = YES;
				SDKROOT = iphoneos;
				SWIFT_OPTIMIZATION_LEVEL = "-Onone";
			};
			name = Debug;
		};
		3FA4AA7C19F7AA2D00D48793 /* Release */ = {
			isa = XCBuildConfiguration;
			buildSettings = {
				ALWAYS_SEARCH_USER_PATHS = NO;
				CLANG_CXX_LANGUAGE_STANDARD = "gnu++0x";
				CLANG_CXX_LIBRARY = "libc++";
				CLANG_ENABLE_MODULES = YES;
				CLANG_ENABLE_OBJC_ARC = YES;
				CLANG_WARN_BOOL_CONVERSION = YES;
				CLANG_WARN_CONSTANT_CONVERSION = YES;
				CLANG_WARN_DIRECT_OBJC_ISA_USAGE = YES_ERROR;
				CLANG_WARN_EMPTY_BODY = YES;
				CLANG_WARN_ENUM_CONVERSION = YES;
				CLANG_WARN_INT_CONVERSION = YES;
				CLANG_WARN_OBJC_ROOT_CLASS = YES_ERROR;
				CLANG_WARN_UNREACHABLE_CODE = YES;
				CLANG_WARN__DUPLICATE_METHOD_MATCH = YES;
				"CODE_SIGN_IDENTITY[sdk=iphoneos*]" = "iPhone Developer";
				COPY_PHASE_STRIP = YES;
				ENABLE_NS_ASSERTIONS = NO;
				ENABLE_STRICT_OBJC_MSGSEND = YES;
				GCC_C_LANGUAGE_STANDARD = gnu99;
				GCC_WARN_64_TO_32_BIT_CONVERSION = YES;
				GCC_WARN_ABOUT_RETURN_TYPE = YES_ERROR;
				GCC_WARN_UNDECLARED_SELECTOR = YES;
				GCC_WARN_UNINITIALIZED_AUTOS = YES_AGGRESSIVE;
				GCC_WARN_UNUSED_FUNCTION = YES;
				GCC_WARN_UNUSED_VARIABLE = YES;
				IPHONEOS_DEPLOYMENT_TARGET = 8.0;
				MTL_ENABLE_DEBUG_INFO = NO;
				SDKROOT = iphoneos;
				VALIDATE_PRODUCT = YES;
			};
			name = Release;
		};
		3FA4AA7E19F7AA2D00D48793 /* Debug */ = {
			isa = XCBuildConfiguration;
			buildSettings = {
				ASSETCATALOG_COMPILER_APPICON_NAME = AppIcon;
				INFOPLIST_FILE = SeguePrac/Info.plist;
				LD_RUNPATH_SEARCH_PATHS = "$(inherited) @executable_path/Frameworks";
				PRODUCT_NAME = "$(TARGET_NAME)";
			};
			name = Debug;
		};
		3FA4AA7F19F7AA2D00D48793 /* Release */ = {
			isa = XCBuildConfiguration;
			buildSettings = {
				ASSETCATALOG_COMPILER_APPICON_NAME = AppIcon;
				INFOPLIST_FILE = SeguePrac/Info.plist;
				LD_RUNPATH_SEARCH_PATHS = "$(inherited) @executable_path/Frameworks";
				PRODUCT_NAME = "$(TARGET_NAME)";
			};
			name = Release;
		};
		3FA4AA8119F7AA2D00D48793 /* Debug */ = {
			isa = XCBuildConfiguration;
			buildSettings = {
				BUNDLE_LOADER = "$(TEST_HOST)";
				FRAMEWORK_SEARCH_PATHS = (
					"$(SDKROOT)/Developer/Library/Frameworks",
					"$(inherited)",
				);
				GCC_PREPROCESSOR_DEFINITIONS = (
					"DEBUG=1",
					"$(inherited)",
				);
				INFOPLIST_FILE = SeguePracTests/Info.plist;
				LD_RUNPATH_SEARCH_PATHS = "$(inherited) @executable_path/Frameworks @loader_path/Frameworks";
				PRODUCT_NAME = "$(TARGET_NAME)";
				TEST_HOST = "$(BUILT_PRODUCTS_DIR)/SeguePrac.app/SeguePrac";
			};
			name = Debug;
		};
		3FA4AA8219F7AA2D00D48793 /* Release */ = {
			isa = XCBuildConfiguration;
			buildSettings = {
				BUNDLE_LOADER = "$(TEST_HOST)";
				FRAMEWORK_SEARCH_PATHS = (
					"$(SDKROOT)/Developer/Library/Frameworks",
					"$(inherited)",
				);
				INFOPLIST_FILE = SeguePracTests/Info.plist;
				LD_RUNPATH_SEARCH_PATHS = "$(inherited) @executable_path/Frameworks @loader_path/Frameworks";
				PRODUCT_NAME = "$(TARGET_NAME)";
				TEST_HOST = "$(BUILT_PRODUCTS_DIR)/SeguePrac.app/SeguePrac";
			};
			name = Release;
		};
/* End XCBuildConfiguration section */

/* Begin XCConfigurationList section */
		3FA4AA5919F7AA2D00D48793 /* Build configuration list for PBXProject "SeguePrac" */ = {
			isa = XCConfigurationList;
			buildConfigurations = (
				3FA4AA7B19F7AA2D00D48793 /* Debug */,
				3FA4AA7C19F7AA2D00D48793 /* Release */,
			);
			defaultConfigurationIsVisible = 0;
			defaultConfigurationName = Release;
		};
		3FA4AA7D19F7AA2D00D48793 /* Build configuration list for PBXNativeTarget "SeguePrac" */ = {
			isa = XCConfigurationList;
			buildConfigurations = (
				3FA4AA7E19F7AA2D00D48793 /* Debug */,
				3FA4AA7F19F7AA2D00D48793 /* Release */,
			);
			defaultConfigurationIsVisible = 0;
		};
		3FA4AA8019F7AA2D00D48793 /* Build configuration list for PBXNativeTarget "SeguePracTests" */ = {
			isa = XCConfigurationList;
			buildConfigurations = (
				3FA4AA8119F7AA2D00D48793 /* Debug */,
				3FA4AA8219F7AA2D00D48793 /* Release */,
			);
			defaultConfigurationIsVisible = 0;
		};
/* End XCConfigurationList section */
	};
	rootObject = 3FA4AA5619F7AA2D00D48793 /* Project object */;
}
