// !$*UTF8*$!
{
	archiveVersion = 1;
	classes = {
	};
	objectVersion = 46;
	objects = {

/* Begin PBXBuildFile section */
		3FE21CB219D5532E005D3087 /* AppDelegate.swift in Sources */ = {isa = PBXBuildFile; fileRef = 3FE21CB119D5532E005D3087 /* AppDelegate.swift */; };
		3FE21CB419D5532E005D3087 /* ViewController.swift in Sources */ = {isa = PBXBuildFile; fileRef = 3FE21CB319D5532E005D3087 /* ViewController.swift */; };
		3FE21CB719D5532E005D3087 /* Main.storyboard in Resources */ = {isa = PBXBuildFile; fileRef = 3FE21CB519D5532E005D3087 /* Main.storyboard */; };
		3FE21CB919D5532E005D3087 /* Images.xcassets in Resources */ = {isa = PBXBuildFile; fileRef = 3FE21CB819D5532E005D3087 /* Images.xcassets */; };
		3FE21CBC19D5532E005D3087 /* LaunchScreen.xib in Resources */ = {isa = PBXBuildFile; fileRef = 3FE21CBA19D5532E005D3087 /* LaunchScreen.xib */; };
		3FE21CC819D5532E005D3087 /* TipCalculatorDelegateTests.swift in Sources */ = {isa = PBXBuildFile; fileRef = 3FE21CC719D5532E005D3087 /* TipCalculatorDelegateTests.swift */; };
		3FE21CD219D55375005D3087 /* TipCalculatorModel.swift in Sources */ = {isa = PBXBuildFile; fileRef = 3FE21CD119D55375005D3087 /* TipCalculatorModel.swift */; };
/* End PBXBuildFile section */

/* Begin PBXContainerItemProxy section */
		3FE21CC219D5532E005D3087 /* PBXContainerItemProxy */ = {
			isa = PBXContainerItemProxy;
			containerPortal = 3FE21CA419D5532E005D3087 /* Project object */;
			proxyType = 1;
			remoteGlobalIDString = 3FE21CAB19D5532E005D3087;
			remoteInfo = TipCalculatorDelegate;
		};
/* End PBXContainerItemProxy section */

/* Begin PBXFileReference section */
		3FE21CAC19D5532E005D3087 /* TipCalculatorDelegate.app */ = {isa = PBXFileReference; explicitFileType = wrapper.application; includeInIndex = 0; path = TipCalculatorDelegate.app; sourceTree = BUILT_PRODUCTS_DIR; };
		3FE21CB019D5532E005D3087 /* Info.plist */ = {isa = PBXFileReference; lastKnownFileType = text.plist.xml; path = Info.plist; sourceTree = "<group>"; };
		3FE21CB119D5532E005D3087 /* AppDelegate.swift */ = {isa = PBXFileReference; lastKnownFileType = sourcecode.swift; path = AppDelegate.swift; sourceTree = "<group>"; };
		3FE21CB319D5532E005D3087 /* ViewController.swift */ = {isa = PBXFileReference; lastKnownFileType = sourcecode.swift; path = ViewController.swift; sourceTree = "<group>"; };
		3FE21CB619D5532E005D3087 /* Base */ = {isa = PBXFileReference; lastKnownFileType = file.storyboard; name = Base; path = Base.lproj/Main.storyboard; sourceTree = "<group>"; };
		3FE21CB819D5532E005D3087 /* Images.xcassets */ = {isa = PBXFileReference; lastKnownFileType = folder.assetcatalog; path = Images.xcassets; sourceTree = "<group>"; };
		3FE21CBB19D5532E005D3087 /* Base */ = {isa = PBXFileReference; lastKnownFileType = file.xib; name = Base; path = Base.lproj/LaunchScreen.xib; sourceTree = "<group>"; };
		3FE21CC119D5532E005D3087 /* TipCalculatorDelegateTests.xctest */ = {isa = PBXFileReference; explicitFileType = wrapper.cfbundle; includeInIndex = 0; path = TipCalculatorDelegateTests.xctest; sourceTree = BUILT_PRODUCTS_DIR; };
		3FE21CC619D5532E005D3087 /* Info.plist */ = {isa = PBXFileReference; lastKnownFileType = text.plist.xml; path = Info.plist; sourceTree = "<group>"; };
		3FE21CC719D5532E005D3087 /* TipCalculatorDelegateTests.swift */ = {isa = PBXFileReference; lastKnownFileType = sourcecode.swift; path = TipCalculatorDelegateTests.swift; sourceTree = "<group>"; };
		3FE21CD119D55375005D3087 /* TipCalculatorModel.swift */ = {isa = PBXFileReference; fileEncoding = 4; lastKnownFileType = sourcecode.swift; path = TipCalculatorModel.swift; sourceTree = "<group>"; };
/* End PBXFileReference section */

/* Begin PBXFrameworksBuildPhase section */
		3FE21CA919D5532E005D3087 /* Frameworks */ = {
			isa = PBXFrameworksBuildPhase;
			buildActionMask = 2147483647;
			files = (
			);
			runOnlyForDeploymentPostprocessing = 0;
		};
		3FE21CBE19D5532E005D3087 /* Frameworks */ = {
			isa = PBXFrameworksBuildPhase;
			buildActionMask = 2147483647;
			files = (
			);
			runOnlyForDeploymentPostprocessing = 0;
		};
/* End PBXFrameworksBuildPhase section */

/* Begin PBXGroup section */
		3FE21CA319D5532E005D3087 = {
			isa = PBXGroup;
			children = (
				3FE21CAE19D5532E005D3087 /* TipCalculatorDelegate */,
				3FE21CC419D5532E005D3087 /* TipCalculatorDelegateTests */,
				3FE21CAD19D5532E005D3087 /* Products */,
			);
			sourceTree = "<group>";
		};
		3FE21CAD19D5532E005D3087 /* Products */ = {
			isa = PBXGroup;
			children = (
				3FE21CAC19D5532E005D3087 /* TipCalculatorDelegate.app */,
				3FE21CC119D5532E005D3087 /* TipCalculatorDelegateTests.xctest */,
			);
			name = Products;
			sourceTree = "<group>";
		};
		3FE21CAE19D5532E005D3087 /* TipCalculatorDelegate */ = {
			isa = PBXGroup;
			children = (
				3FE21CD119D55375005D3087 /* TipCalculatorModel.swift */,
				3FE21CB119D5532E005D3087 /* AppDelegate.swift */,
				3FE21CB319D5532E005D3087 /* ViewController.swift */,
				3FE21CB519D5532E005D3087 /* Main.storyboard */,
				3FE21CB819D5532E005D3087 /* Images.xcassets */,
				3FE21CBA19D5532E005D3087 /* LaunchScreen.xib */,
				3FE21CAF19D5532E005D3087 /* Supporting Files */,
			);
			path = TipCalculatorDelegate;
			sourceTree = "<group>";
		};
		3FE21CAF19D5532E005D3087 /* Supporting Files */ = {
			isa = PBXGroup;
			children = (
				3FE21CB019D5532E005D3087 /* Info.plist */,
			);
			name = "Supporting Files";
			sourceTree = "<group>";
		};
		3FE21CC419D5532E005D3087 /* TipCalculatorDelegateTests */ = {
			isa = PBXGroup;
			children = (
				3FE21CC719D5532E005D3087 /* TipCalculatorDelegateTests.swift */,
				3FE21CC519D5532E005D3087 /* Supporting Files */,
			);
			path = TipCalculatorDelegateTests;
			sourceTree = "<group>";
		};
		3FE21CC519D5532E005D3087 /* Supporting Files */ = {
			isa = PBXGroup;
			children = (
				3FE21CC619D5532E005D3087 /* Info.plist */,
			);
			name = "Supporting Files";
			sourceTree = "<group>";
		};
/* End PBXGroup section */

/* Begin PBXNativeTarget section */
		3FE21CAB19D5532E005D3087 /* TipCalculatorDelegate */ = {
			isa = PBXNativeTarget;
			buildConfigurationList = 3FE21CCB19D5532E005D3087 /* Build configuration list for PBXNativeTarget "TipCalculatorDelegate" */;
			buildPhases = (
				3FE21CA819D5532E005D3087 /* Sources */,
				3FE21CA919D5532E005D3087 /* Frameworks */,
				3FE21CAA19D5532E005D3087 /* Resources */,
			);
			buildRules = (
			);
			dependencies = (
			);
			name = TipCalculatorDelegate;
			productName = TipCalculatorDelegate;
			productReference = 3FE21CAC19D5532E005D3087 /* TipCalculatorDelegate.app */;
			productType = "com.apple.product-type.application";
		};
		3FE21CC019D5532E005D3087 /* TipCalculatorDelegateTests */ = {
			isa = PBXNativeTarget;
			buildConfigurationList = 3FE21CCE19D5532E005D3087 /* Build configuration list for PBXNativeTarget "TipCalculatorDelegateTests" */;
			buildPhases = (
				3FE21CBD19D5532E005D3087 /* Sources */,
				3FE21CBE19D5532E005D3087 /* Frameworks */,
				3FE21CBF19D5532E005D3087 /* Resources */,
			);
			buildRules = (
			);
			dependencies = (
				3FE21CC319D5532E005D3087 /* PBXTargetDependency */,
			);
			name = TipCalculatorDelegateTests;
			productName = TipCalculatorDelegateTests;
			productReference = 3FE21CC119D5532E005D3087 /* TipCalculatorDelegateTests.xctest */;
			productType = "com.apple.product-type.bundle.unit-test";
		};
/* End PBXNativeTarget section */

/* Begin PBXProject section */
		3FE21CA419D5532E005D3087 /* Project object */ = {
			isa = PBXProject;
			attributes = {
				LastUpgradeCheck = 0600;
				ORGANIZATIONNAME = student;
				TargetAttributes = {
					3FE21CAB19D5532E005D3087 = {
						CreatedOnToolsVersion = 6.0;
					};
					3FE21CC019D5532E005D3087 = {
						CreatedOnToolsVersion = 6.0;
						TestTargetID = 3FE21CAB19D5532E005D3087;
					};
				};
			};
			buildConfigurationList = 3FE21CA719D5532E005D3087 /* Build configuration list for PBXProject "TipCalculatorDelegate" */;
			compatibilityVersion = "Xcode 3.2";
			developmentRegion = English;
			hasScannedForEncodings = 0;
			knownRegions = (
				en,
				Base,
			);
			mainGroup = 3FE21CA319D5532E005D3087;
			productRefGroup = 3FE21CAD19D5532E005D3087 /* Products */;
			projectDirPath = "";
			projectRoot = "";
			targets = (
				3FE21CAB19D5532E005D3087 /* TipCalculatorDelegate */,
				3FE21CC019D5532E005D3087 /* TipCalculatorDelegateTests */,
			);
		};
/* End PBXProject section */

/* Begin PBXResourcesBuildPhase section */
		3FE21CAA19D5532E005D3087 /* Resources */ = {
			isa = PBXResourcesBuildPhase;
			buildActionMask = 2147483647;
			files = (
				3FE21CB719D5532E005D3087 /* Main.storyboard in Resources */,
				3FE21CBC19D5532E005D3087 /* LaunchScreen.xib in Resources */,
				3FE21CB919D5532E005D3087 /* Images.xcassets in Resources */,
			);
			runOnlyForDeploymentPostprocessing = 0;
		};
		3FE21CBF19D5532E005D3087 /* Resources */ = {
			isa = PBXResourcesBuildPhase;
			buildActionMask = 2147483647;
			files = (
			);
			runOnlyForDeploymentPostprocessing = 0;
		};
/* End PBXResourcesBuildPhase section */

/* Begin PBXSourcesBuildPhase section */
		3FE21CA819D5532E005D3087 /* Sources */ = {
			isa = PBXSourcesBuildPhase;
			buildActionMask = 2147483647;
			files = (
				3FE21CD219D55375005D3087 /* TipCalculatorModel.swift in Sources */,
				3FE21CB419D5532E005D3087 /* ViewController.swift in Sources */,
				3FE21CB219D5532E005D3087 /* AppDelegate.swift in Sources */,
			);
			runOnlyForDeploymentPostprocessing = 0;
		};
		3FE21CBD19D5532E005D3087 /* Sources */ = {
			isa = PBXSourcesBuildPhase;
			buildActionMask = 2147483647;
			files = (
				3FE21CC819D5532E005D3087 /* TipCalculatorDelegateTests.swift in Sources */,
			);
			runOnlyForDeploymentPostprocessing = 0;
		};
/* End PBXSourcesBuildPhase section */

/* Begin PBXTargetDependency section */
		3FE21CC319D5532E005D3087 /* PBXTargetDependency */ = {
			isa = PBXTargetDependency;
			target = 3FE21CAB19D5532E005D3087 /* TipCalculatorDelegate */;
			targetProxy = 3FE21CC219D5532E005D3087 /* PBXContainerItemProxy */;
		};
/* End PBXTargetDependency section */

/* Begin PBXVariantGroup section */
		3FE21CB519D5532E005D3087 /* Main.storyboard */ = {
			isa = PBXVariantGroup;
			children = (
				3FE21CB619D5532E005D3087 /* Base */,
			);
			name = Main.storyboard;
			sourceTree = "<group>";
		};
		3FE21CBA19D5532E005D3087 /* LaunchScreen.xib */ = {
			isa = PBXVariantGroup;
			children = (
				3FE21CBB19D5532E005D3087 /* Base */,
			);
			name = LaunchScreen.xib;
			sourceTree = "<group>";
		};
/* End PBXVariantGroup section */

/* Begin XCBuildConfiguration section */
		3FE21CC919D5532E005D3087 /* Debug */ = {
			isa = XCBuildConfiguration;
			buildSettings = {
				ALWAYS_SEARCH_USER_PATHS = NO;
				CLANG_CXX_LANGUAGE_STANDARD = "gnu++0x";
				CLANG_CXX_LIBRARY = "libc++";
				CLANG_ENABLE_MODULES = YES;
				CLANG_ENABLE_OBJC_ARC = YES;
				CLANG_WARN_BOOL_CONVERSION = YES;
				CLANG_WARN_CONSTANT_CONVERSION = YES;
				CLANG_WARN_DIRECT_OBJC_ISA_USAGE = YES_ERROR;
				CLANG_WARN_EMPTY_BODY = YES;
				CLANG_WARN_ENUM_CONVERSION = YES;
				CLANG_WARN_INT_CONVERSION = YES;
				CLANG_WARN_OBJC_ROOT_CLASS = YES_ERROR;
				CLANG_WARN_UNREACHABLE_CODE = YES;
				CLANG_WARN__DUPLICATE_METHOD_MATCH = YES;
				"CODE_SIGN_IDENTITY[sdk=iphoneos*]" = "iPhone Developer";
				COPY_PHASE_STRIP = NO;
				ENABLE_STRICT_OBJC_MSGSEND = YES;
				GCC_C_LANGUAGE_STANDARD = gnu99;
				GCC_DYNAMIC_NO_PIC = NO;
				GCC_OPTIMIZATION_LEVEL = 0;
				GCC_PREPROCESSOR_DEFINITIONS = (
					"DEBUG=1",
					"$(inherited)",
				);
				GCC_SYMBOLS_PRIVATE_EXTERN = NO;
				GCC_WARN_64_TO_32_BIT_CONVERSION = YES;
				GCC_WARN_ABOUT_RETURN_TYPE = YES_ERROR;
				GCC_WARN_UNDECLARED_SELECTOR = YES;
				GCC_WARN_UNINITIALIZED_AUTOS = YES_AGGRESSIVE;
				GCC_WARN_UNUSED_FUNCTION = YES;
				GCC_WARN_UNUSED_VARIABLE = YES;
				IPHONEOS_DEPLOYMENT_TARGET = 8.0;
				MTL_ENABLE_DEBUG_INFO = YES;
				ONLY_ACTIVE_ARCH = YES;
				SDKROOT = iphoneos;
				SWIFT_OPTIMIZATION_LEVEL = "-Onone";
			};
			name = Debug;
		};
		3FE21CCA19D5532E005D3087 /* Release */ = {
			isa = XCBuildConfiguration;
			buildSettings = {
				ALWAYS_SEARCH_USER_PATHS = NO;
				CLANG_CXX_LANGUAGE_STANDARD = "gnu++0x";
				CLANG_CXX_LIBRARY = "libc++";
				CLANG_ENABLE_MODULES = YES;
				CLANG_ENABLE_OBJC_ARC = YES;
				CLANG_WARN_BOOL_CONVERSION = YES;
				CLANG_WARN_CONSTANT_CONVERSION = YES;
				CLANG_WARN_DIRECT_OBJC_ISA_USAGE = YES_ERROR;
				CLANG_WARN_EMPTY_BODY = YES;
				CLANG_WARN_ENUM_CONVERSION = YES;
				CLANG_WARN_INT_CONVERSION = YES;
				CLANG_WARN_OBJC_ROOT_CLASS = YES_ERROR;
				CLANG_WARN_UNREACHABLE_CODE = YES;
				CLANG_WARN__DUPLICATE_METHOD_MATCH = YES;
				"CODE_SIGN_IDENTITY[sdk=iphoneos*]" = "iPhone Developer";
				COPY_PHASE_STRIP = YES;
				ENABLE_NS_ASSERTIONS = NO;
				ENABLE_STRICT_OBJC_MSGSEND = YES;
				GCC_C_LANGUAGE_STANDARD = gnu99;
				GCC_WARN_64_TO_32_BIT_CONVERSION = YES;
				GCC_WARN_ABOUT_RETURN_TYPE = YES_ERROR;
				GCC_WARN_UNDECLARED_SELECTOR = YES;
				GCC_WARN_UNINITIALIZED_AUTOS = YES_AGGRESSIVE;
				GCC_WARN_UNUSED_FUNCTION = YES;
				GCC_WARN_UNUSED_VARIABLE = YES;
				IPHONEOS_DEPLOYMENT_TARGET = 8.0;
				MTL_ENABLE_DEBUG_INFO = NO;
				SDKROOT = iphoneos;
				VALIDATE_PRODUCT = YES;
			};
			name = Release;
		};
		3FE21CCC19D5532E005D3087 /* Debug */ = {
			isa = XCBuildConfiguration;
			buildSettings = {
				ASSETCATALOG_COMPILER_APPICON_NAME = AppIcon;
				INFOPLIST_FILE = TipCalculatorDelegate/Info.plist;
				LD_RUNPATH_SEARCH_PATHS = "$(inherited) @executable_path/Frameworks";
				PRODUCT_NAME = "$(TARGET_NAME)";
				TARGETED_DEVICE_FAMILY = 1;
			};
			name = Debug;
		};
		3FE21CCD19D5532E005D3087 /* Release */ = {
			isa = XCBuildConfiguration;
			buildSettings = {
				ASSETCATALOG_COMPILER_APPICON_NAME = AppIcon;
				INFOPLIST_FILE = TipCalculatorDelegate/Info.plist;
				LD_RUNPATH_SEARCH_PATHS = "$(inherited) @executable_path/Frameworks";
				PRODUCT_NAME = "$(TARGET_NAME)";
				TARGETED_DEVICE_FAMILY = 1;
			};
			name = Release;
		};
		3FE21CCF19D5532E005D3087 /* Debug */ = {
			isa = XCBuildConfiguration;
			buildSettings = {
				BUNDLE_LOADER = "$(TEST_HOST)";
				FRAMEWORK_SEARCH_PATHS = (
					"$(SDKROOT)/Developer/Library/Frameworks",
					"$(inherited)",
				);
				GCC_PREPROCESSOR_DEFINITIONS = (
					"DEBUG=1",
					"$(inherited)",
				);
				INFOPLIST_FILE = TipCalculatorDelegateTests/Info.plist;
				LD_RUNPATH_SEARCH_PATHS = "$(inherited) @executable_path/Frameworks @loader_path/Frameworks";
				PRODUCT_NAME = "$(TARGET_NAME)";
				TEST_HOST = "$(BUILT_PRODUCTS_DIR)/TipCalculatorDelegate.app/TipCalculatorDelegate";
			};
			name = Debug;
		};
		3FE21CD019D5532E005D3087 /* Release */ = {
			isa = XCBuildConfiguration;
			buildSettings = {
				BUNDLE_LOADER = "$(TEST_HOST)";
				FRAMEWORK_SEARCH_PATHS = (
					"$(SDKROOT)/Developer/Library/Frameworks",
					"$(inherited)",
				);
				INFOPLIST_FILE = TipCalculatorDelegateTests/Info.plist;
				LD_RUNPATH_SEARCH_PATHS = "$(inherited) @executable_path/Frameworks @loader_path/Frameworks";
				PRODUCT_NAME = "$(TARGET_NAME)";
				TEST_HOST = "$(BUILT_PRODUCTS_DIR)/TipCalculatorDelegate.app/TipCalculatorDelegate";
			};
			name = Release;
		};
/* End XCBuildConfiguration section */

/* Begin XCConfigurationList section */
		3FE21CA719D5532E005D3087 /* Build configuration list for PBXProject "TipCalculatorDelegate" */ = {
			isa = XCConfigurationList;
			buildConfigurations = (
				3FE21CC919D5532E005D3087 /* Debug */,
				3FE21CCA19D5532E005D3087 /* Release */,
			);
			defaultConfigurationIsVisible = 0;
			defaultConfigurationName = Release;
		};
		3FE21CCB19D5532E005D3087 /* Build configuration list for PBXNativeTarget "TipCalculatorDelegate" */ = {
			isa = XCConfigurationList;
			buildConfigurations = (
				3FE21CCC19D5532E005D3087 /* Debug */,
				3FE21CCD19D5532E005D3087 /* Release */,
			);
			defaultConfigurationIsVisible = 0;
		};
		3FE21CCE19D5532E005D3087 /* Build configuration list for PBXNativeTarget "TipCalculatorDelegateTests" */ = {
			isa = XCConfigurationList;
			buildConfigurations = (
				3FE21CCF19D5532E005D3087 /* Debug */,
				3FE21CD019D5532E005D3087 /* Release */,
			);
			defaultConfigurationIsVisible = 0;
		};
/* End XCConfigurationList section */
	};
	rootObject = 3FE21CA419D5532E005D3087 /* Project object */;
}
