// !$*UTF8*$!
{
	archiveVersion = 1;
	classes = {
	};
	objectVersion = 46;
	objects = {

/* Begin PBXBuildFile section */
		3F7B8C401A413B5A00B399FC /* AppDelegate.swift in Sources */ = {isa = PBXBuildFile; fileRef = 3F7B8C3F1A413B5A00B399FC /* AppDelegate.swift */; };
		3F7B8C431A413B5A00B399FC /* Exam1_55011212070.xcdatamodeld in Sources */ = {isa = PBXBuildFile; fileRef = 3F7B8C411A413B5A00B399FC /* Exam1_55011212070.xcdatamodeld */; };
		3F7B8C451A413B5A00B399FC /* ViewController.swift in Sources */ = {isa = PBXBuildFile; fileRef = 3F7B8C441A413B5A00B399FC /* ViewController.swift */; };
		3F7B8C481A413B5A00B399FC /* Main.storyboard in Resources */ = {isa = PBXBuildFile; fileRef = 3F7B8C461A413B5A00B399FC /* Main.storyboard */; };
		3F7B8C4A1A413B5A00B399FC /* Images.xcassets in Resources */ = {isa = PBXBuildFile; fileRef = 3F7B8C491A413B5A00B399FC /* Images.xcassets */; };
		3F7B8C4D1A413B5A00B399FC /* LaunchScreen.xib in Resources */ = {isa = PBXBuildFile; fileRef = 3F7B8C4B1A413B5A00B399FC /* LaunchScreen.xib */; };
		3F7B8C591A413B5A00B399FC /* Exam1_55011212070Tests.swift in Sources */ = {isa = PBXBuildFile; fileRef = 3F7B8C581A413B5A00B399FC /* Exam1_55011212070Tests.swift */; };
		3F7B8C631A413BCB00B399FC /* StockViewController.swift in Sources */ = {isa = PBXBuildFile; fileRef = 3F7B8C621A413BCB00B399FC /* StockViewController.swift */; };
/* End PBXBuildFile section */

/* Begin PBXContainerItemProxy section */
		3F7B8C531A413B5A00B399FC /* PBXContainerItemProxy */ = {
			isa = PBXContainerItemProxy;
			containerPortal = 3F7B8C321A413B5A00B399FC /* Project object */;
			proxyType = 1;
			remoteGlobalIDString = 3F7B8C391A413B5A00B399FC;
			remoteInfo = Exam1_55011212070;
		};
/* End PBXContainerItemProxy section */

/* Begin PBXFileReference section */
		3F7B8C3A1A413B5A00B399FC /* Exam1_55011212070.app */ = {isa = PBXFileReference; explicitFileType = wrapper.application; includeInIndex = 0; path = Exam1_55011212070.app; sourceTree = BUILT_PRODUCTS_DIR; };
		3F7B8C3E1A413B5A00B399FC /* Info.plist */ = {isa = PBXFileReference; lastKnownFileType = text.plist.xml; path = Info.plist; sourceTree = "<group>"; };
		3F7B8C3F1A413B5A00B399FC /* AppDelegate.swift */ = {isa = PBXFileReference; lastKnownFileType = sourcecode.swift; path = AppDelegate.swift; sourceTree = "<group>"; };
		3F7B8C421A413B5A00B399FC /* Exam1_55011212070.xcdatamodel */ = {isa = PBXFileReference; lastKnownFileType = wrapper.xcdatamodel; path = Exam1_55011212070.xcdatamodel; sourceTree = "<group>"; };
		3F7B8C441A413B5A00B399FC /* ViewController.swift */ = {isa = PBXFileReference; lastKnownFileType = sourcecode.swift; path = ViewController.swift; sourceTree = "<group>"; };
		3F7B8C471A413B5A00B399FC /* Base */ = {isa = PBXFileReference; lastKnownFileType = file.storyboard; name = Base; path = Base.lproj/Main.storyboard; sourceTree = "<group>"; };
		3F7B8C491A413B5A00B399FC /* Images.xcassets */ = {isa = PBXFileReference; lastKnownFileType = folder.assetcatalog; path = Images.xcassets; sourceTree = "<group>"; };
		3F7B8C4C1A413B5A00B399FC /* Base */ = {isa = PBXFileReference; lastKnownFileType = file.xib; name = Base; path = Base.lproj/LaunchScreen.xib; sourceTree = "<group>"; };
		3F7B8C521A413B5A00B399FC /* Exam1_55011212070Tests.xctest */ = {isa = PBXFileReference; explicitFileType = wrapper.cfbundle; includeInIndex = 0; path = Exam1_55011212070Tests.xctest; sourceTree = BUILT_PRODUCTS_DIR; };
		3F7B8C571A413B5A00B399FC /* Info.plist */ = {isa = PBXFileReference; lastKnownFileType = text.plist.xml; path = Info.plist; sourceTree = "<group>"; };
		3F7B8C581A413B5A00B399FC /* Exam1_55011212070Tests.swift */ = {isa = PBXFileReference; lastKnownFileType = sourcecode.swift; path = Exam1_55011212070Tests.swift; sourceTree = "<group>"; };
		3F7B8C621A413BCB00B399FC /* StockViewController.swift */ = {isa = PBXFileReference; fileEncoding = 4; lastKnownFileType = sourcecode.swift; path = StockViewController.swift; sourceTree = "<group>"; };
/* End PBXFileReference section */

/* Begin PBXFrameworksBuildPhase section */
		3F7B8C371A413B5A00B399FC /* Frameworks */ = {
			isa = PBXFrameworksBuildPhase;
			buildActionMask = 2147483647;
			files = (
			);
			runOnlyForDeploymentPostprocessing = 0;
		};
		3F7B8C4F1A413B5A00B399FC /* Frameworks */ = {
			isa = PBXFrameworksBuildPhase;
			buildActionMask = 2147483647;
			files = (
			);
			runOnlyForDeploymentPostprocessing = 0;
		};
/* End PBXFrameworksBuildPhase section */

/* Begin PBXGroup section */
		3F7B8C311A413B5A00B399FC = {
			isa = PBXGroup;
			children = (
				3F7B8C3C1A413B5A00B399FC /* Exam1_55011212070 */,
				3F7B8C551A413B5A00B399FC /* Exam1_55011212070Tests */,
				3F7B8C3B1A413B5A00B399FC /* Products */,
			);
			sourceTree = "<group>";
		};
		3F7B8C3B1A413B5A00B399FC /* Products */ = {
			isa = PBXGroup;
			children = (
				3F7B8C3A1A413B5A00B399FC /* Exam1_55011212070.app */,
				3F7B8C521A413B5A00B399FC /* Exam1_55011212070Tests.xctest */,
			);
			name = Products;
			sourceTree = "<group>";
		};
		3F7B8C3C1A413B5A00B399FC /* Exam1_55011212070 */ = {
			isa = PBXGroup;
			children = (
				3F7B8C3F1A413B5A00B399FC /* AppDelegate.swift */,
				3F7B8C441A413B5A00B399FC /* ViewController.swift */,
				3F7B8C461A413B5A00B399FC /* Main.storyboard */,
				3F7B8C621A413BCB00B399FC /* StockViewController.swift */,
				3F7B8C491A413B5A00B399FC /* Images.xcassets */,
				3F7B8C4B1A413B5A00B399FC /* LaunchScreen.xib */,
				3F7B8C411A413B5A00B399FC /* Exam1_55011212070.xcdatamodeld */,
				3F7B8C3D1A413B5A00B399FC /* Supporting Files */,
			);
			path = Exam1_55011212070;
			sourceTree = "<group>";
		};
		3F7B8C3D1A413B5A00B399FC /* Supporting Files */ = {
			isa = PBXGroup;
			children = (
				3F7B8C3E1A413B5A00B399FC /* Info.plist */,
			);
			name = "Supporting Files";
			sourceTree = "<group>";
		};
		3F7B8C551A413B5A00B399FC /* Exam1_55011212070Tests */ = {
			isa = PBXGroup;
			children = (
				3F7B8C581A413B5A00B399FC /* Exam1_55011212070Tests.swift */,
				3F7B8C561A413B5A00B399FC /* Supporting Files */,
			);
			path = Exam1_55011212070Tests;
			sourceTree = "<group>";
		};
		3F7B8C561A413B5A00B399FC /* Supporting Files */ = {
			isa = PBXGroup;
			children = (
				3F7B8C571A413B5A00B399FC /* Info.plist */,
			);
			name = "Supporting Files";
			sourceTree = "<group>";
		};
/* End PBXGroup section */

/* Begin PBXNativeTarget section */
		3F7B8C391A413B5A00B399FC /* Exam1_55011212070 */ = {
			isa = PBXNativeTarget;
			buildConfigurationList = 3F7B8C5C1A413B5A00B399FC /* Build configuration list for PBXNativeTarget "Exam1_55011212070" */;
			buildPhases = (
				3F7B8C361A413B5A00B399FC /* Sources */,
				3F7B8C371A413B5A00B399FC /* Frameworks */,
				3F7B8C381A413B5A00B399FC /* Resources */,
			);
			buildRules = (
			);
			dependencies = (
			);
			name = Exam1_55011212070;
			productName = Exam1_55011212070;
			productReference = 3F7B8C3A1A413B5A00B399FC /* Exam1_55011212070.app */;
			productType = "com.apple.product-type.application";
		};
		3F7B8C511A413B5A00B399FC /* Exam1_55011212070Tests */ = {
			isa = PBXNativeTarget;
			buildConfigurationList = 3F7B8C5F1A413B5A00B399FC /* Build configuration list for PBXNativeTarget "Exam1_55011212070Tests" */;
			buildPhases = (
				3F7B8C4E1A413B5A00B399FC /* Sources */,
				3F7B8C4F1A413B5A00B399FC /* Frameworks */,
				3F7B8C501A413B5A00B399FC /* Resources */,
			);
			buildRules = (
			);
			dependencies = (
				3F7B8C541A413B5A00B399FC /* PBXTargetDependency */,
			);
			name = Exam1_55011212070Tests;
			productName = Exam1_55011212070Tests;
			productReference = 3F7B8C521A413B5A00B399FC /* Exam1_55011212070Tests.xctest */;
			productType = "com.apple.product-type.bundle.unit-test";
		};
/* End PBXNativeTarget section */

/* Begin PBXProject section */
		3F7B8C321A413B5A00B399FC /* Project object */ = {
			isa = PBXProject;
			attributes = {
				LastUpgradeCheck = 0600;
				ORGANIZATIONNAME = Student;
				TargetAttributes = {
					3F7B8C391A413B5A00B399FC = {
						CreatedOnToolsVersion = 6.0;
					};
					3F7B8C511A413B5A00B399FC = {
						CreatedOnToolsVersion = 6.0;
						TestTargetID = 3F7B8C391A413B5A00B399FC;
					};
				};
			};
			buildConfigurationList = 3F7B8C351A413B5A00B399FC /* Build configuration list for PBXProject "Exam1_55011212070" */;
			compatibilityVersion = "Xcode 3.2";
			developmentRegion = English;
			hasScannedForEncodings = 0;
			knownRegions = (
				en,
				Base,
			);
			mainGroup = 3F7B8C311A413B5A00B399FC;
			productRefGroup = 3F7B8C3B1A413B5A00B399FC /* Products */;
			projectDirPath = "";
			projectRoot = "";
			targets = (
				3F7B8C391A413B5A00B399FC /* Exam1_55011212070 */,
				3F7B8C511A413B5A00B399FC /* Exam1_55011212070Tests */,
			);
		};
/* End PBXProject section */

/* Begin PBXResourcesBuildPhase section */
		3F7B8C381A413B5A00B399FC /* Resources */ = {
			isa = PBXResourcesBuildPhase;
			buildActionMask = 2147483647;
			files = (
				3F7B8C481A413B5A00B399FC /* Main.storyboard in Resources */,
				3F7B8C4D1A413B5A00B399FC /* LaunchScreen.xib in Resources */,
				3F7B8C4A1A413B5A00B399FC /* Images.xcassets in Resources */,
			);
			runOnlyForDeploymentPostprocessing = 0;
		};
		3F7B8C501A413B5A00B399FC /* Resources */ = {
			isa = PBXResourcesBuildPhase;
			buildActionMask = 2147483647;
			files = (
			);
			runOnlyForDeploymentPostprocessing = 0;
		};
/* End PBXResourcesBuildPhase section */

/* Begin PBXSourcesBuildPhase section */
		3F7B8C361A413B5A00B399FC /* Sources */ = {
			isa = PBXSourcesBuildPhase;
			buildActionMask = 2147483647;
			files = (
				3F7B8C451A413B5A00B399FC /* ViewController.swift in Sources */,
				3F7B8C401A413B5A00B399FC /* AppDelegate.swift in Sources */,
				3F7B8C431A413B5A00B399FC /* Exam1_55011212070.xcdatamodeld in Sources */,
				3F7B8C631A413BCB00B399FC /* StockViewController.swift in Sources */,
			);
			runOnlyForDeploymentPostprocessing = 0;
		};
		3F7B8C4E1A413B5A00B399FC /* Sources */ = {
			isa = PBXSourcesBuildPhase;
			buildActionMask = 2147483647;
			files = (
				3F7B8C591A413B5A00B399FC /* Exam1_55011212070Tests.swift in Sources */,
			);
			runOnlyForDeploymentPostprocessing = 0;
		};
/* End PBXSourcesBuildPhase section */

/* Begin PBXTargetDependency section */
		3F7B8C541A413B5A00B399FC /* PBXTargetDependency */ = {
			isa = PBXTargetDependency;
			target = 3F7B8C391A413B5A00B399FC /* Exam1_55011212070 */;
			targetProxy = 3F7B8C531A413B5A00B399FC /* PBXContainerItemProxy */;
		};
/* End PBXTargetDependency section */

/* Begin PBXVariantGroup section */
		3F7B8C461A413B5A00B399FC /* Main.storyboard */ = {
			isa = PBXVariantGroup;
			children = (
				3F7B8C471A413B5A00B399FC /* Base */,
			);
			name = Main.storyboard;
			sourceTree = "<group>";
		};
		3F7B8C4B1A413B5A00B399FC /* LaunchScreen.xib */ = {
			isa = PBXVariantGroup;
			children = (
				3F7B8C4C1A413B5A00B399FC /* Base */,
			);
			name = LaunchScreen.xib;
			sourceTree = "<group>";
		};
/* End PBXVariantGroup section */

/* Begin XCBuildConfiguration section */
		3F7B8C5A1A413B5A00B399FC /* Debug */ = {
			isa = XCBuildConfiguration;
			buildSettings = {
				ALWAYS_SEARCH_USER_PATHS = NO;
				CLANG_CXX_LANGUAGE_STANDARD = "gnu++0x";
				CLANG_CXX_LIBRARY = "libc++";
				CLANG_ENABLE_MODULES = YES;
				CLANG_ENABLE_OBJC_ARC = YES;
				CLANG_WARN_BOOL_CONVERSION = YES;
				CLANG_WARN_CONSTANT_CONVERSION = YES;
				CLANG_WARN_DIRECT_OBJC_ISA_USAGE = YES_ERROR;
				CLANG_WARN_EMPTY_BODY = YES;
				CLANG_WARN_ENUM_CONVERSION = YES;
				CLANG_WARN_INT_CONVERSION = YES;
				CLANG_WARN_OBJC_ROOT_CLASS = YES_ERROR;
				CLANG_WARN_UNREACHABLE_CODE = YES;
				CLANG_WARN__DUPLICATE_METHOD_MATCH = YES;
				"CODE_SIGN_IDENTITY[sdk=iphoneos*]" = "iPhone Developer";
				COPY_PHASE_STRIP = NO;
				ENABLE_STRICT_OBJC_MSGSEND = YES;
				GCC_C_LANGUAGE_STANDARD = gnu99;
				GCC_DYNAMIC_NO_PIC = NO;
				GCC_OPTIMIZATION_LEVEL = 0;
				GCC_PREPROCESSOR_DEFINITIONS = (
					"DEBUG=1",
					"$(inherited)",
				);
				GCC_SYMBOLS_PRIVATE_EXTERN = NO;
				GCC_WARN_64_TO_32_BIT_CONVERSION = YES;
				GCC_WARN_ABOUT_RETURN_TYPE = YES_ERROR;
				GCC_WARN_UNDECLARED_SELECTOR = YES;
				GCC_WARN_UNINITIALIZED_AUTOS = YES_AGGRESSIVE;
				GCC_WARN_UNUSED_FUNCTION = YES;
				GCC_WARN_UNUSED_VARIABLE = YES;
				IPHONEOS_DEPLOYMENT_TARGET = 8.0;
				MTL_ENABLE_DEBUG_INFO = YES;
				ONLY_ACTIVE_ARCH = YES;
				SDKROOT = iphoneos;
				SWIFT_OPTIMIZATION_LEVEL = "-Onone";
			};
			name = Debug;
		};
		3F7B8C5B1A413B5A00B399FC /* Release */ = {
			isa = XCBuildConfiguration;
			buildSettings = {
				ALWAYS_SEARCH_USER_PATHS = NO;
				CLANG_CXX_LANGUAGE_STANDARD = "gnu++0x";
				CLANG_CXX_LIBRARY = "libc++";
				CLANG_ENABLE_MODULES = YES;
				CLANG_ENABLE_OBJC_ARC = YES;
				CLANG_WARN_BOOL_CONVERSION = YES;
				CLANG_WARN_CONSTANT_CONVERSION = YES;
				CLANG_WARN_DIRECT_OBJC_ISA_USAGE = YES_ERROR;
				CLANG_WARN_EMPTY_BODY = YES;
				CLANG_WARN_ENUM_CONVERSION = YES;
				CLANG_WARN_INT_CONVERSION = YES;
				CLANG_WARN_OBJC_ROOT_CLASS = YES_ERROR;
				CLANG_WARN_UNREACHABLE_CODE = YES;
				CLANG_WARN__DUPLICATE_METHOD_MATCH = YES;
				"CODE_SIGN_IDENTITY[sdk=iphoneos*]" = "iPhone Developer";
				COPY_PHASE_STRIP = YES;
				ENABLE_NS_ASSERTIONS = NO;
				ENABLE_STRICT_OBJC_MSGSEND = YES;
				GCC_C_LANGUAGE_STANDARD = gnu99;
				GCC_WARN_64_TO_32_BIT_CONVERSION = YES;
				GCC_WARN_ABOUT_RETURN_TYPE = YES_ERROR;
				GCC_WARN_UNDECLARED_SELECTOR = YES;
				GCC_WARN_UNINITIALIZED_AUTOS = YES_AGGRESSIVE;
				GCC_WARN_UNUSED_FUNCTION = YES;
				GCC_WARN_UNUSED_VARIABLE = YES;
				IPHONEOS_DEPLOYMENT_TARGET = 8.0;
				MTL_ENABLE_DEBUG_INFO = NO;
				SDKROOT = iphoneos;
				VALIDATE_PRODUCT = YES;
			};
			name = Release;
		};
		3F7B8C5D1A413B5A00B399FC /* Debug */ = {
			isa = XCBuildConfiguration;
			buildSettings = {
				ASSETCATALOG_COMPILER_APPICON_NAME = AppIcon;
				INFOPLIST_FILE = Exam1_55011212070/Info.plist;
				LD_RUNPATH_SEARCH_PATHS = "$(inherited) @executable_path/Frameworks";
				PRODUCT_NAME = "$(TARGET_NAME)";
			};
			name = Debug;
		};
		3F7B8C5E1A413B5A00B399FC /* Release */ = {
			isa = XCBuildConfiguration;
			buildSettings = {
				ASSETCATALOG_COMPILER_APPICON_NAME = AppIcon;
				INFOPLIST_FILE = Exam1_55011212070/Info.plist;
				LD_RUNPATH_SEARCH_PATHS = "$(inherited) @executable_path/Frameworks";
				PRODUCT_NAME = "$(TARGET_NAME)";
			};
			name = Release;
		};
		3F7B8C601A413B5A00B399FC /* Debug */ = {
			isa = XCBuildConfiguration;
			buildSettings = {
				BUNDLE_LOADER = "$(TEST_HOST)";
				FRAMEWORK_SEARCH_PATHS = (
					"$(SDKROOT)/Developer/Library/Frameworks",
					"$(inherited)",
				);
				GCC_PREPROCESSOR_DEFINITIONS = (
					"DEBUG=1",
					"$(inherited)",
				);
				INFOPLIST_FILE = Exam1_55011212070Tests/Info.plist;
				LD_RUNPATH_SEARCH_PATHS = "$(inherited) @executable_path/Frameworks @loader_path/Frameworks";
				PRODUCT_NAME = "$(TARGET_NAME)";
				TEST_HOST = "$(BUILT_PRODUCTS_DIR)/Exam1_55011212070.app/Exam1_55011212070";
			};
			name = Debug;
		};
		3F7B8C611A413B5A00B399FC /* Release */ = {
			isa = XCBuildConfiguration;
			buildSettings = {
				BUNDLE_LOADER = "$(TEST_HOST)";
				FRAMEWORK_SEARCH_PATHS = (
					"$(SDKROOT)/Developer/Library/Frameworks",
					"$(inherited)",
				);
				INFOPLIST_FILE = Exam1_55011212070Tests/Info.plist;
				LD_RUNPATH_SEARCH_PATHS = "$(inherited) @executable_path/Frameworks @loader_path/Frameworks";
				PRODUCT_NAME = "$(TARGET_NAME)";
				TEST_HOST = "$(BUILT_PRODUCTS_DIR)/Exam1_55011212070.app/Exam1_55011212070";
			};
			name = Release;
		};
/* End XCBuildConfiguration section */

/* Begin XCConfigurationList section */
		3F7B8C351A413B5A00B399FC /* Build configuration list for PBXProject "Exam1_55011212070" */ = {
			isa = XCConfigurationList;
			buildConfigurations = (
				3F7B8C5A1A413B5A00B399FC /* Debug */,
				3F7B8C5B1A413B5A00B399FC /* Release */,
			);
			defaultConfigurationIsVisible = 0;
			defaultConfigurationName = Release;
		};
		3F7B8C5C1A413B5A00B399FC /* Build configuration list for PBXNativeTarget "Exam1_55011212070" */ = {
			isa = XCConfigurationList;
			buildConfigurations = (
				3F7B8C5D1A413B5A00B399FC /* Debug */,
				3F7B8C5E1A413B5A00B399FC /* Release */,
			);
			defaultConfigurationIsVisible = 0;
		};
		3F7B8C5F1A413B5A00B399FC /* Build configuration list for PBXNativeTarget "Exam1_55011212070Tests" */ = {
			isa = XCConfigurationList;
			buildConfigurations = (
				3F7B8C601A413B5A00B399FC /* Debug */,
				3F7B8C611A413B5A00B399FC /* Release */,
			);
			defaultConfigurationIsVisible = 0;
		};
/* End XCConfigurationList section */

/* Begin XCVersionGroup section */
		3F7B8C411A413B5A00B399FC /* Exam1_55011212070.xcdatamodeld */ = {
			isa = XCVersionGroup;
			children = (
				3F7B8C421A413B5A00B399FC /* Exam1_55011212070.xcdatamodel */,
			);
			currentVersion = 3F7B8C421A413B5A00B399FC /* Exam1_55011212070.xcdatamodel */;
			path = Exam1_55011212070.xcdatamodeld;
			sourceTree = "<group>";
			versionGroupType = wrapper.xcdatamodel;
		};
/* End XCVersionGroup section */
	};
	rootObject = 3F7B8C321A413B5A00B399FC /* Project object */;
}
