// !$*UTF8*$!
{
	archiveVersion = 1;
	classes = {
	};
	objectVersion = 46;
	objects = {

/* Begin PBXBuildFile section */
		3F0F9EFC19F0F39C009C16E8 /* AppDelegate.swift in Sources */ = {isa = PBXBuildFile; fileRef = 3F0F9EFB19F0F39C009C16E8 /* AppDelegate.swift */; };
		3F0F9EFE19F0F39C009C16E8 /* ViewController.swift in Sources */ = {isa = PBXBuildFile; fileRef = 3F0F9EFD19F0F39C009C16E8 /* ViewController.swift */; };
		3F0F9F0119F0F39C009C16E8 /* Main.storyboard in Resources */ = {isa = PBXBuildFile; fileRef = 3F0F9EFF19F0F39C009C16E8 /* Main.storyboard */; };
		3F0F9F0319F0F39C009C16E8 /* Images.xcassets in Resources */ = {isa = PBXBuildFile; fileRef = 3F0F9F0219F0F39C009C16E8 /* Images.xcassets */; };
		3F0F9F0619F0F39C009C16E8 /* LaunchScreen.xib in Resources */ = {isa = PBXBuildFile; fileRef = 3F0F9F0419F0F39C009C16E8 /* LaunchScreen.xib */; };
		3F0F9F1219F0F39C009C16E8 /* SeguePracticeTests.swift in Sources */ = {isa = PBXBuildFile; fileRef = 3F0F9F1119F0F39C009C16E8 /* SeguePracticeTests.swift */; };
		3F0F9F1C19F0F85E009C16E8 /* colorTwoViewController.swift in Sources */ = {isa = PBXBuildFile; fileRef = 3F0F9F1B19F0F85E009C16E8 /* colorTwoViewController.swift */; };
/* End PBXBuildFile section */

/* Begin PBXContainerItemProxy section */
		3F0F9F0C19F0F39C009C16E8 /* PBXContainerItemProxy */ = {
			isa = PBXContainerItemProxy;
			containerPortal = 3F0F9EEE19F0F39C009C16E8 /* Project object */;
			proxyType = 1;
			remoteGlobalIDString = 3F0F9EF519F0F39C009C16E8;
			remoteInfo = SeguePractice;
		};
/* End PBXContainerItemProxy section */

/* Begin PBXFileReference section */
		3F0F9EF619F0F39C009C16E8 /* SeguePractice.app */ = {isa = PBXFileReference; explicitFileType = wrapper.application; includeInIndex = 0; path = SeguePractice.app; sourceTree = BUILT_PRODUCTS_DIR; };
		3F0F9EFA19F0F39C009C16E8 /* Info.plist */ = {isa = PBXFileReference; lastKnownFileType = text.plist.xml; path = Info.plist; sourceTree = "<group>"; };
		3F0F9EFB19F0F39C009C16E8 /* AppDelegate.swift */ = {isa = PBXFileReference; lastKnownFileType = sourcecode.swift; path = AppDelegate.swift; sourceTree = "<group>"; };
		3F0F9EFD19F0F39C009C16E8 /* ViewController.swift */ = {isa = PBXFileReference; lastKnownFileType = sourcecode.swift; path = ViewController.swift; sourceTree = "<group>"; };
		3F0F9F0019F0F39C009C16E8 /* Base */ = {isa = PBXFileReference; lastKnownFileType = file.storyboard; name = Base; path = Base.lproj/Main.storyboard; sourceTree = "<group>"; };
		3F0F9F0219F0F39C009C16E8 /* Images.xcassets */ = {isa = PBXFileReference; lastKnownFileType = folder.assetcatalog; path = Images.xcassets; sourceTree = "<group>"; };
		3F0F9F0519F0F39C009C16E8 /* Base */ = {isa = PBXFileReference; lastKnownFileType = file.xib; name = Base; path = Base.lproj/LaunchScreen.xib; sourceTree = "<group>"; };
		3F0F9F0B19F0F39C009C16E8 /* SeguePracticeTests.xctest */ = {isa = PBXFileReference; explicitFileType = wrapper.cfbundle; includeInIndex = 0; path = SeguePracticeTests.xctest; sourceTree = BUILT_PRODUCTS_DIR; };
		3F0F9F1019F0F39C009C16E8 /* Info.plist */ = {isa = PBXFileReference; lastKnownFileType = text.plist.xml; path = Info.plist; sourceTree = "<group>"; };
		3F0F9F1119F0F39C009C16E8 /* SeguePracticeTests.swift */ = {isa = PBXFileReference; lastKnownFileType = sourcecode.swift; path = SeguePracticeTests.swift; sourceTree = "<group>"; };
		3F0F9F1B19F0F85E009C16E8 /* colorTwoViewController.swift */ = {isa = PBXFileReference; fileEncoding = 4; lastKnownFileType = sourcecode.swift; path = colorTwoViewController.swift; sourceTree = "<group>"; };
/* End PBXFileReference section */

/* Begin PBXFrameworksBuildPhase section */
		3F0F9EF319F0F39C009C16E8 /* Frameworks */ = {
			isa = PBXFrameworksBuildPhase;
			buildActionMask = 2147483647;
			files = (
			);
			runOnlyForDeploymentPostprocessing = 0;
		};
		3F0F9F0819F0F39C009C16E8 /* Frameworks */ = {
			isa = PBXFrameworksBuildPhase;
			buildActionMask = 2147483647;
			files = (
			);
			runOnlyForDeploymentPostprocessing = 0;
		};
/* End PBXFrameworksBuildPhase section */

/* Begin PBXGroup section */
		3F0F9EED19F0F39C009C16E8 = {
			isa = PBXGroup;
			children = (
				3F0F9EF819F0F39C009C16E8 /* SeguePractice */,
				3F0F9F0E19F0F39C009C16E8 /* SeguePracticeTests */,
				3F0F9EF719F0F39C009C16E8 /* Products */,
			);
			sourceTree = "<group>";
		};
		3F0F9EF719F0F39C009C16E8 /* Products */ = {
			isa = PBXGroup;
			children = (
				3F0F9EF619F0F39C009C16E8 /* SeguePractice.app */,
				3F0F9F0B19F0F39C009C16E8 /* SeguePracticeTests.xctest */,
			);
			name = Products;
			sourceTree = "<group>";
		};
		3F0F9EF819F0F39C009C16E8 /* SeguePractice */ = {
			isa = PBXGroup;
			children = (
				3F0F9EFB19F0F39C009C16E8 /* AppDelegate.swift */,
				3F0F9EFD19F0F39C009C16E8 /* ViewController.swift */,
				3F0F9EFF19F0F39C009C16E8 /* Main.storyboard */,
				3F0F9F0219F0F39C009C16E8 /* Images.xcassets */,
				3F0F9F0419F0F39C009C16E8 /* LaunchScreen.xib */,
				3F0F9EF919F0F39C009C16E8 /* Supporting Files */,
				3F0F9F1B19F0F85E009C16E8 /* colorTwoViewController.swift */,
			);
			path = SeguePractice;
			sourceTree = "<group>";
		};
		3F0F9EF919F0F39C009C16E8 /* Supporting Files */ = {
			isa = PBXGroup;
			children = (
				3F0F9EFA19F0F39C009C16E8 /* Info.plist */,
			);
			name = "Supporting Files";
			sourceTree = "<group>";
		};
		3F0F9F0E19F0F39C009C16E8 /* SeguePracticeTests */ = {
			isa = PBXGroup;
			children = (
				3F0F9F1119F0F39C009C16E8 /* SeguePracticeTests.swift */,
				3F0F9F0F19F0F39C009C16E8 /* Supporting Files */,
			);
			path = SeguePracticeTests;
			sourceTree = "<group>";
		};
		3F0F9F0F19F0F39C009C16E8 /* Supporting Files */ = {
			isa = PBXGroup;
			children = (
				3F0F9F1019F0F39C009C16E8 /* Info.plist */,
			);
			name = "Supporting Files";
			sourceTree = "<group>";
		};
/* End PBXGroup section */

/* Begin PBXNativeTarget section */
		3F0F9EF519F0F39C009C16E8 /* SeguePractice */ = {
			isa = PBXNativeTarget;
			buildConfigurationList = 3F0F9F1519F0F39C009C16E8 /* Build configuration list for PBXNativeTarget "SeguePractice" */;
			buildPhases = (
				3F0F9EF219F0F39C009C16E8 /* Sources */,
				3F0F9EF319F0F39C009C16E8 /* Frameworks */,
				3F0F9EF419F0F39C009C16E8 /* Resources */,
			);
			buildRules = (
			);
			dependencies = (
			);
			name = SeguePractice;
			productName = SeguePractice;
			productReference = 3F0F9EF619F0F39C009C16E8 /* SeguePractice.app */;
			productType = "com.apple.product-type.application";
		};
		3F0F9F0A19F0F39C009C16E8 /* SeguePracticeTests */ = {
			isa = PBXNativeTarget;
			buildConfigurationList = 3F0F9F1819F0F39C009C16E8 /* Build configuration list for PBXNativeTarget "SeguePracticeTests" */;
			buildPhases = (
				3F0F9F0719F0F39C009C16E8 /* Sources */,
				3F0F9F0819F0F39C009C16E8 /* Frameworks */,
				3F0F9F0919F0F39C009C16E8 /* Resources */,
			);
			buildRules = (
			);
			dependencies = (
				3F0F9F0D19F0F39C009C16E8 /* PBXTargetDependency */,
			);
			name = SeguePracticeTests;
			productName = SeguePracticeTests;
			productReference = 3F0F9F0B19F0F39C009C16E8 /* SeguePracticeTests.xctest */;
			productType = "com.apple.product-type.bundle.unit-test";
		};
/* End PBXNativeTarget section */

/* Begin PBXProject section */
		3F0F9EEE19F0F39C009C16E8 /* Project object */ = {
			isa = PBXProject;
			attributes = {
				LastUpgradeCheck = 0600;
				ORGANIZATIONNAME = Student;
				TargetAttributes = {
					3F0F9EF519F0F39C009C16E8 = {
						CreatedOnToolsVersion = 6.0;
					};
					3F0F9F0A19F0F39C009C16E8 = {
						CreatedOnToolsVersion = 6.0;
						TestTargetID = 3F0F9EF519F0F39C009C16E8;
					};
				};
			};
			buildConfigurationList = 3F0F9EF119F0F39C009C16E8 /* Build configuration list for PBXProject "SeguePractice" */;
			compatibilityVersion = "Xcode 3.2";
			developmentRegion = English;
			hasScannedForEncodings = 0;
			knownRegions = (
				en,
				Base,
			);
			mainGroup = 3F0F9EED19F0F39C009C16E8;
			productRefGroup = 3F0F9EF719F0F39C009C16E8 /* Products */;
			projectDirPath = "";
			projectRoot = "";
			targets = (
				3F0F9EF519F0F39C009C16E8 /* SeguePractice */,
				3F0F9F0A19F0F39C009C16E8 /* SeguePracticeTests */,
			);
		};
/* End PBXProject section */

/* Begin PBXResourcesBuildPhase section */
		3F0F9EF419F0F39C009C16E8 /* Resources */ = {
			isa = PBXResourcesBuildPhase;
			buildActionMask = 2147483647;
			files = (
				3F0F9F0119F0F39C009C16E8 /* Main.storyboard in Resources */,
				3F0F9F0619F0F39C009C16E8 /* LaunchScreen.xib in Resources */,
				3F0F9F0319F0F39C009C16E8 /* Images.xcassets in Resources */,
			);
			runOnlyForDeploymentPostprocessing = 0;
		};
		3F0F9F0919F0F39C009C16E8 /* Resources */ = {
			isa = PBXResourcesBuildPhase;
			buildActionMask = 2147483647;
			files = (
			);
			runOnlyForDeploymentPostprocessing = 0;
		};
/* End PBXResourcesBuildPhase section */

/* Begin PBXSourcesBuildPhase section */
		3F0F9EF219F0F39C009C16E8 /* Sources */ = {
			isa = PBXSourcesBuildPhase;
			buildActionMask = 2147483647;
			files = (
				3F0F9F1C19F0F85E009C16E8 /* colorTwoViewController.swift in Sources */,
				3F0F9EFE19F0F39C009C16E8 /* ViewController.swift in Sources */,
				3F0F9EFC19F0F39C009C16E8 /* AppDelegate.swift in Sources */,
			);
			runOnlyForDeploymentPostprocessing = 0;
		};
		3F0F9F0719F0F39C009C16E8 /* Sources */ = {
			isa = PBXSourcesBuildPhase;
			buildActionMask = 2147483647;
			files = (
				3F0F9F1219F0F39C009C16E8 /* SeguePracticeTests.swift in Sources */,
			);
			runOnlyForDeploymentPostprocessing = 0;
		};
/* End PBXSourcesBuildPhase section */

/* Begin PBXTargetDependency section */
		3F0F9F0D19F0F39C009C16E8 /* PBXTargetDependency */ = {
			isa = PBXTargetDependency;
			target = 3F0F9EF519F0F39C009C16E8 /* SeguePractice */;
			targetProxy = 3F0F9F0C19F0F39C009C16E8 /* PBXContainerItemProxy */;
		};
/* End PBXTargetDependency section */

/* Begin PBXVariantGroup section */
		3F0F9EFF19F0F39C009C16E8 /* Main.storyboard */ = {
			isa = PBXVariantGroup;
			children = (
				3F0F9F0019F0F39C009C16E8 /* Base */,
			);
			name = Main.storyboard;
			sourceTree = "<group>";
		};
		3F0F9F0419F0F39C009C16E8 /* LaunchScreen.xib */ = {
			isa = PBXVariantGroup;
			children = (
				3F0F9F0519F0F39C009C16E8 /* Base */,
			);
			name = LaunchScreen.xib;
			sourceTree = "<group>";
		};
/* End PBXVariantGroup section */

/* Begin XCBuildConfiguration section */
		3F0F9F1319F0F39C009C16E8 /* Debug */ = {
			isa = XCBuildConfiguration;
			buildSettings = {
				ALWAYS_SEARCH_USER_PATHS = NO;
				CLANG_CXX_LANGUAGE_STANDARD = "gnu++0x";
				CLANG_CXX_LIBRARY = "libc++";
				CLANG_ENABLE_MODULES = YES;
				CLANG_ENABLE_OBJC_ARC = YES;
				CLANG_WARN_BOOL_CONVERSION = YES;
				CLANG_WARN_CONSTANT_CONVERSION = YES;
				CLANG_WARN_DIRECT_OBJC_ISA_USAGE = YES_ERROR;
				CLANG_WARN_EMPTY_BODY = YES;
				CLANG_WARN_ENUM_CONVERSION = YES;
				CLANG_WARN_INT_CONVERSION = YES;
				CLANG_WARN_OBJC_ROOT_CLASS = YES_ERROR;
				CLANG_WARN_UNREACHABLE_CODE = YES;
				CLANG_WARN__DUPLICATE_METHOD_MATCH = YES;
				"CODE_SIGN_IDENTITY[sdk=iphoneos*]" = "iPhone Developer";
				COPY_PHASE_STRIP = NO;
				ENABLE_STRICT_OBJC_MSGSEND = YES;
				GCC_C_LANGUAGE_STANDARD = gnu99;
				GCC_DYNAMIC_NO_PIC = NO;
				GCC_OPTIMIZATION_LEVEL = 0;
				GCC_PREPROCESSOR_DEFINITIONS = (
					"DEBUG=1",
					"$(inherited)",
				);
				GCC_SYMBOLS_PRIVATE_EXTERN = NO;
				GCC_WARN_64_TO_32_BIT_CONVERSION = YES;
				GCC_WARN_ABOUT_RETURN_TYPE = YES_ERROR;
				GCC_WARN_UNDECLARED_SELECTOR = YES;
				GCC_WARN_UNINITIALIZED_AUTOS = YES_AGGRESSIVE;
				GCC_WARN_UNUSED_FUNCTION = YES;
				GCC_WARN_UNUSED_VARIABLE = YES;
				IPHONEOS_DEPLOYMENT_TARGET = 8.0;
				MTL_ENABLE_DEBUG_INFO = YES;
				ONLY_ACTIVE_ARCH = YES;
				SDKROOT = iphoneos;
				SWIFT_OPTIMIZATION_LEVEL = "-Onone";
			};
			name = Debug;
		};
		3F0F9F1419F0F39C009C16E8 /* Release */ = {
			isa = XCBuildConfiguration;
			buildSettings = {
				ALWAYS_SEARCH_USER_PATHS = NO;
				CLANG_CXX_LANGUAGE_STANDARD = "gnu++0x";
				CLANG_CXX_LIBRARY = "libc++";
				CLANG_ENABLE_MODULES = YES;
				CLANG_ENABLE_OBJC_ARC = YES;
				CLANG_WARN_BOOL_CONVERSION = YES;
				CLANG_WARN_CONSTANT_CONVERSION = YES;
				CLANG_WARN_DIRECT_OBJC_ISA_USAGE = YES_ERROR;
				CLANG_WARN_EMPTY_BODY = YES;
				CLANG_WARN_ENUM_CONVERSION = YES;
				CLANG_WARN_INT_CONVERSION = YES;
				CLANG_WARN_OBJC_ROOT_CLASS = YES_ERROR;
				CLANG_WARN_UNREACHABLE_CODE = YES;
				CLANG_WARN__DUPLICATE_METHOD_MATCH = YES;
				"CODE_SIGN_IDENTITY[sdk=iphoneos*]" = "iPhone Developer";
				COPY_PHASE_STRIP = YES;
				ENABLE_NS_ASSERTIONS = NO;
				ENABLE_STRICT_OBJC_MSGSEND = YES;
				GCC_C_LANGUAGE_STANDARD = gnu99;
				GCC_WARN_64_TO_32_BIT_CONVERSION = YES;
				GCC_WARN_ABOUT_RETURN_TYPE = YES_ERROR;
				GCC_WARN_UNDECLARED_SELECTOR = YES;
				GCC_WARN_UNINITIALIZED_AUTOS = YES_AGGRESSIVE;
				GCC_WARN_UNUSED_FUNCTION = YES;
				GCC_WARN_UNUSED_VARIABLE = YES;
				IPHONEOS_DEPLOYMENT_TARGET = 8.0;
				MTL_ENABLE_DEBUG_INFO = NO;
				SDKROOT = iphoneos;
				VALIDATE_PRODUCT = YES;
			};
			name = Release;
		};
		3F0F9F1619F0F39C009C16E8 /* Debug */ = {
			isa = XCBuildConfiguration;
			buildSettings = {
				ASSETCATALOG_COMPILER_APPICON_NAME = AppIcon;
				INFOPLIST_FILE = SeguePractice/Info.plist;
				LD_RUNPATH_SEARCH_PATHS = "$(inherited) @executable_path/Frameworks";
				PRODUCT_NAME = "$(TARGET_NAME)";
			};
			name = Debug;
		};
		3F0F9F1719F0F39C009C16E8 /* Release */ = {
			isa = XCBuildConfiguration;
			buildSettings = {
				ASSETCATALOG_COMPILER_APPICON_NAME = AppIcon;
				INFOPLIST_FILE = SeguePractice/Info.plist;
				LD_RUNPATH_SEARCH_PATHS = "$(inherited) @executable_path/Frameworks";
				PRODUCT_NAME = "$(TARGET_NAME)";
			};
			name = Release;
		};
		3F0F9F1919F0F39C009C16E8 /* Debug */ = {
			isa = XCBuildConfiguration;
			buildSettings = {
				BUNDLE_LOADER = "$(TEST_HOST)";
				FRAMEWORK_SEARCH_PATHS = (
					"$(SDKROOT)/Developer/Library/Frameworks",
					"$(inherited)",
				);
				GCC_PREPROCESSOR_DEFINITIONS = (
					"DEBUG=1",
					"$(inherited)",
				);
				INFOPLIST_FILE = SeguePracticeTests/Info.plist;
				LD_RUNPATH_SEARCH_PATHS = "$(inherited) @executable_path/Frameworks @loader_path/Frameworks";
				PRODUCT_NAME = "$(TARGET_NAME)";
				TEST_HOST = "$(BUILT_PRODUCTS_DIR)/SeguePractice.app/SeguePractice";
			};
			name = Debug;
		};
		3F0F9F1A19F0F39C009C16E8 /* Release */ = {
			isa = XCBuildConfiguration;
			buildSettings = {
				BUNDLE_LOADER = "$(TEST_HOST)";
				FRAMEWORK_SEARCH_PATHS = (
					"$(SDKROOT)/Developer/Library/Frameworks",
					"$(inherited)",
				);
				INFOPLIST_FILE = SeguePracticeTests/Info.plist;
				LD_RUNPATH_SEARCH_PATHS = "$(inherited) @executable_path/Frameworks @loader_path/Frameworks";
				PRODUCT_NAME = "$(TARGET_NAME)";
				TEST_HOST = "$(BUILT_PRODUCTS_DIR)/SeguePractice.app/SeguePractice";
			};
			name = Release;
		};
/* End XCBuildConfiguration section */

/* Begin XCConfigurationList section */
		3F0F9EF119F0F39C009C16E8 /* Build configuration list for PBXProject "SeguePractice" */ = {
			isa = XCConfigurationList;
			buildConfigurations = (
				3F0F9F1319F0F39C009C16E8 /* Debug */,
				3F0F9F1419F0F39C009C16E8 /* Release */,
			);
			defaultConfigurationIsVisible = 0;
			defaultConfigurationName = Release;
		};
		3F0F9F1519F0F39C009C16E8 /* Build configuration list for PBXNativeTarget "SeguePractice" */ = {
			isa = XCConfigurationList;
			buildConfigurations = (
				3F0F9F1619F0F39C009C16E8 /* Debug */,
				3F0F9F1719F0F39C009C16E8 /* Release */,
			);
			defaultConfigurationIsVisible = 0;
		};
		3F0F9F1819F0F39C009C16E8 /* Build configuration list for PBXNativeTarget "SeguePracticeTests" */ = {
			isa = XCConfigurationList;
			buildConfigurations = (
				3F0F9F1919F0F39C009C16E8 /* Debug */,
				3F0F9F1A19F0F39C009C16E8 /* Release */,
			);
			defaultConfigurationIsVisible = 0;
		};
/* End XCConfigurationList section */
	};
	rootObject = 3F0F9EEE19F0F39C009C16E8 /* Project object */;
}
