// !$*UTF8*$!
{
	archiveVersion = 1;
	classes = {
	};
	objectVersion = 46;
	objects = {

/* Begin PBXBuildFile section */
		3FE21C8219D53E36005D3087 /* AppDelegate.swift in Sources */ = {isa = PBXBuildFile; fileRef = 3FE21C8119D53E36005D3087 /* AppDelegate.swift */; };
		3FE21C8419D53E36005D3087 /* ViewController.swift in Sources */ = {isa = PBXBuildFile; fileRef = 3FE21C8319D53E36005D3087 /* ViewController.swift */; };
		3FE21C8719D53E36005D3087 /* Main.storyboard in Resources */ = {isa = PBXBuildFile; fileRef = 3FE21C8519D53E36005D3087 /* Main.storyboard */; };
		3FE21C8919D53E36005D3087 /* Images.xcassets in Resources */ = {isa = PBXBuildFile; fileRef = 3FE21C8819D53E36005D3087 /* Images.xcassets */; };
		3FE21C8C19D53E36005D3087 /* LaunchScreen.xib in Resources */ = {isa = PBXBuildFile; fileRef = 3FE21C8A19D53E36005D3087 /* LaunchScreen.xib */; };
		3FE21C9819D53E36005D3087 /* TableNameTests.swift in Sources */ = {isa = PBXBuildFile; fileRef = 3FE21C9719D53E36005D3087 /* TableNameTests.swift */; };
/* End PBXBuildFile section */

/* Begin PBXContainerItemProxy section */
		3FE21C9219D53E36005D3087 /* PBXContainerItemProxy */ = {
			isa = PBXContainerItemProxy;
			containerPortal = 3FE21C7419D53E36005D3087 /* Project object */;
			proxyType = 1;
			remoteGlobalIDString = 3FE21C7B19D53E36005D3087;
			remoteInfo = TableName;
		};
/* End PBXContainerItemProxy section */

/* Begin PBXFileReference section */
		3FE21C7C19D53E36005D3087 /* TableName.app */ = {isa = PBXFileReference; explicitFileType = wrapper.application; includeInIndex = 0; path = TableName.app; sourceTree = BUILT_PRODUCTS_DIR; };
		3FE21C8019D53E36005D3087 /* Info.plist */ = {isa = PBXFileReference; lastKnownFileType = text.plist.xml; path = Info.plist; sourceTree = "<group>"; };
		3FE21C8119D53E36005D3087 /* AppDelegate.swift */ = {isa = PBXFileReference; lastKnownFileType = sourcecode.swift; path = AppDelegate.swift; sourceTree = "<group>"; };
		3FE21C8319D53E36005D3087 /* ViewController.swift */ = {isa = PBXFileReference; lastKnownFileType = sourcecode.swift; path = ViewController.swift; sourceTree = "<group>"; };
		3FE21C8619D53E36005D3087 /* Base */ = {isa = PBXFileReference; lastKnownFileType = file.storyboard; name = Base; path = Base.lproj/Main.storyboard; sourceTree = "<group>"; };
		3FE21C8819D53E36005D3087 /* Images.xcassets */ = {isa = PBXFileReference; lastKnownFileType = folder.assetcatalog; path = Images.xcassets; sourceTree = "<group>"; };
		3FE21C8B19D53E36005D3087 /* Base */ = {isa = PBXFileReference; lastKnownFileType = file.xib; name = Base; path = Base.lproj/LaunchScreen.xib; sourceTree = "<group>"; };
		3FE21C9119D53E36005D3087 /* TableNameTests.xctest */ = {isa = PBXFileReference; explicitFileType = wrapper.cfbundle; includeInIndex = 0; path = TableNameTests.xctest; sourceTree = BUILT_PRODUCTS_DIR; };
		3FE21C9619D53E36005D3087 /* Info.plist */ = {isa = PBXFileReference; lastKnownFileType = text.plist.xml; path = Info.plist; sourceTree = "<group>"; };
		3FE21C9719D53E36005D3087 /* TableNameTests.swift */ = {isa = PBXFileReference; lastKnownFileType = sourcecode.swift; path = TableNameTests.swift; sourceTree = "<group>"; };
/* End PBXFileReference section */

/* Begin PBXFrameworksBuildPhase section */
		3FE21C7919D53E36005D3087 /* Frameworks */ = {
			isa = PBXFrameworksBuildPhase;
			buildActionMask = 2147483647;
			files = (
			);
			runOnlyForDeploymentPostprocessing = 0;
		};
		3FE21C8E19D53E36005D3087 /* Frameworks */ = {
			isa = PBXFrameworksBuildPhase;
			buildActionMask = 2147483647;
			files = (
			);
			runOnlyForDeploymentPostprocessing = 0;
		};
/* End PBXFrameworksBuildPhase section */

/* Begin PBXGroup section */
		3FE21C7319D53E36005D3087 = {
			isa = PBXGroup;
			children = (
				3FE21C7E19D53E36005D3087 /* TableName */,
				3FE21C9419D53E36005D3087 /* TableNameTests */,
				3FE21C7D19D53E36005D3087 /* Products */,
			);
			sourceTree = "<group>";
		};
		3FE21C7D19D53E36005D3087 /* Products */ = {
			isa = PBXGroup;
			children = (
				3FE21C7C19D53E36005D3087 /* TableName.app */,
				3FE21C9119D53E36005D3087 /* TableNameTests.xctest */,
			);
			name = Products;
			sourceTree = "<group>";
		};
		3FE21C7E19D53E36005D3087 /* TableName */ = {
			isa = PBXGroup;
			children = (
				3FE21C8119D53E36005D3087 /* AppDelegate.swift */,
				3FE21C8319D53E36005D3087 /* ViewController.swift */,
				3FE21C8519D53E36005D3087 /* Main.storyboard */,
				3FE21C8819D53E36005D3087 /* Images.xcassets */,
				3FE21C8A19D53E36005D3087 /* LaunchScreen.xib */,
				3FE21C7F19D53E36005D3087 /* Supporting Files */,
			);
			path = TableName;
			sourceTree = "<group>";
		};
		3FE21C7F19D53E36005D3087 /* Supporting Files */ = {
			isa = PBXGroup;
			children = (
				3FE21C8019D53E36005D3087 /* Info.plist */,
			);
			name = "Supporting Files";
			sourceTree = "<group>";
		};
		3FE21C9419D53E36005D3087 /* TableNameTests */ = {
			isa = PBXGroup;
			children = (
				3FE21C9719D53E36005D3087 /* TableNameTests.swift */,
				3FE21C9519D53E36005D3087 /* Supporting Files */,
			);
			path = TableNameTests;
			sourceTree = "<group>";
		};
		3FE21C9519D53E36005D3087 /* Supporting Files */ = {
			isa = PBXGroup;
			children = (
				3FE21C9619D53E36005D3087 /* Info.plist */,
			);
			name = "Supporting Files";
			sourceTree = "<group>";
		};
/* End PBXGroup section */

/* Begin PBXNativeTarget section */
		3FE21C7B19D53E36005D3087 /* TableName */ = {
			isa = PBXNativeTarget;
			buildConfigurationList = 3FE21C9B19D53E36005D3087 /* Build configuration list for PBXNativeTarget "TableName" */;
			buildPhases = (
				3FE21C7819D53E36005D3087 /* Sources */,
				3FE21C7919D53E36005D3087 /* Frameworks */,
				3FE21C7A19D53E36005D3087 /* Resources */,
			);
			buildRules = (
			);
			dependencies = (
			);
			name = TableName;
			productName = TableName;
			productReference = 3FE21C7C19D53E36005D3087 /* TableName.app */;
			productType = "com.apple.product-type.application";
		};
		3FE21C9019D53E36005D3087 /* TableNameTests */ = {
			isa = PBXNativeTarget;
			buildConfigurationList = 3FE21C9E19D53E36005D3087 /* Build configuration list for PBXNativeTarget "TableNameTests" */;
			buildPhases = (
				3FE21C8D19D53E36005D3087 /* Sources */,
				3FE21C8E19D53E36005D3087 /* Frameworks */,
				3FE21C8F19D53E36005D3087 /* Resources */,
			);
			buildRules = (
			);
			dependencies = (
				3FE21C9319D53E36005D3087 /* PBXTargetDependency */,
			);
			name = TableNameTests;
			productName = TableNameTests;
			productReference = 3FE21C9119D53E36005D3087 /* TableNameTests.xctest */;
			productType = "com.apple.product-type.bundle.unit-test";
		};
/* End PBXNativeTarget section */

/* Begin PBXProject section */
		3FE21C7419D53E36005D3087 /* Project object */ = {
			isa = PBXProject;
			attributes = {
				LastUpgradeCheck = 0600;
				ORGANIZATIONNAME = student;
				TargetAttributes = {
					3FE21C7B19D53E36005D3087 = {
						CreatedOnToolsVersion = 6.0;
					};
					3FE21C9019D53E36005D3087 = {
						CreatedOnToolsVersion = 6.0;
						TestTargetID = 3FE21C7B19D53E36005D3087;
					};
				};
			};
			buildConfigurationList = 3FE21C7719D53E36005D3087 /* Build configuration list for PBXProject "TableName" */;
			compatibilityVersion = "Xcode 3.2";
			developmentRegion = English;
			hasScannedForEncodings = 0;
			knownRegions = (
				en,
				Base,
			);
			mainGroup = 3FE21C7319D53E36005D3087;
			productRefGroup = 3FE21C7D19D53E36005D3087 /* Products */;
			projectDirPath = "";
			projectRoot = "";
			targets = (
				3FE21C7B19D53E36005D3087 /* TableName */,
				3FE21C9019D53E36005D3087 /* TableNameTests */,
			);
		};
/* End PBXProject section */

/* Begin PBXResourcesBuildPhase section */
		3FE21C7A19D53E36005D3087 /* Resources */ = {
			isa = PBXResourcesBuildPhase;
			buildActionMask = 2147483647;
			files = (
				3FE21C8719D53E36005D3087 /* Main.storyboard in Resources */,
				3FE21C8C19D53E36005D3087 /* LaunchScreen.xib in Resources */,
				3FE21C8919D53E36005D3087 /* Images.xcassets in Resources */,
			);
			runOnlyForDeploymentPostprocessing = 0;
		};
		3FE21C8F19D53E36005D3087 /* Resources */ = {
			isa = PBXResourcesBuildPhase;
			buildActionMask = 2147483647;
			files = (
			);
			runOnlyForDeploymentPostprocessing = 0;
		};
/* End PBXResourcesBuildPhase section */

/* Begin PBXSourcesBuildPhase section */
		3FE21C7819D53E36005D3087 /* Sources */ = {
			isa = PBXSourcesBuildPhase;
			buildActionMask = 2147483647;
			files = (
				3FE21C8419D53E36005D3087 /* ViewController.swift in Sources */,
				3FE21C8219D53E36005D3087 /* AppDelegate.swift in Sources */,
			);
			runOnlyForDeploymentPostprocessing = 0;
		};
		3FE21C8D19D53E36005D3087 /* Sources */ = {
			isa = PBXSourcesBuildPhase;
			buildActionMask = 2147483647;
			files = (
				3FE21C9819D53E36005D3087 /* TableNameTests.swift in Sources */,
			);
			runOnlyForDeploymentPostprocessing = 0;
		};
/* End PBXSourcesBuildPhase section */

/* Begin PBXTargetDependency section */
		3FE21C9319D53E36005D3087 /* PBXTargetDependency */ = {
			isa = PBXTargetDependency;
			target = 3FE21C7B19D53E36005D3087 /* TableName */;
			targetProxy = 3FE21C9219D53E36005D3087 /* PBXContainerItemProxy */;
		};
/* End PBXTargetDependency section */

/* Begin PBXVariantGroup section */
		3FE21C8519D53E36005D3087 /* Main.storyboard */ = {
			isa = PBXVariantGroup;
			children = (
				3FE21C8619D53E36005D3087 /* Base */,
			);
			name = Main.storyboard;
			sourceTree = "<group>";
		};
		3FE21C8A19D53E36005D3087 /* LaunchScreen.xib */ = {
			isa = PBXVariantGroup;
			children = (
				3FE21C8B19D53E36005D3087 /* Base */,
			);
			name = LaunchScreen.xib;
			sourceTree = "<group>";
		};
/* End PBXVariantGroup section */

/* Begin XCBuildConfiguration section */
		3FE21C9919D53E36005D3087 /* Debug */ = {
			isa = XCBuildConfiguration;
			buildSettings = {
				ALWAYS_SEARCH_USER_PATHS = NO;
				CLANG_CXX_LANGUAGE_STANDARD = "gnu++0x";
				CLANG_CXX_LIBRARY = "libc++";
				CLANG_ENABLE_MODULES = YES;
				CLANG_ENABLE_OBJC_ARC = YES;
				CLANG_WARN_BOOL_CONVERSION = YES;
				CLANG_WARN_CONSTANT_CONVERSION = YES;
				CLANG_WARN_DIRECT_OBJC_ISA_USAGE = YES_ERROR;
				CLANG_WARN_EMPTY_BODY = YES;
				CLANG_WARN_ENUM_CONVERSION = YES;
				CLANG_WARN_INT_CONVERSION = YES;
				CLANG_WARN_OBJC_ROOT_CLASS = YES_ERROR;
				CLANG_WARN_UNREACHABLE_CODE = YES;
				CLANG_WARN__DUPLICATE_METHOD_MATCH = YES;
				"CODE_SIGN_IDENTITY[sdk=iphoneos*]" = "iPhone Developer";
				COPY_PHASE_STRIP = NO;
				ENABLE_STRICT_OBJC_MSGSEND = YES;
				GCC_C_LANGUAGE_STANDARD = gnu99;
				GCC_DYNAMIC_NO_PIC = NO;
				GCC_OPTIMIZATION_LEVEL = 0;
				GCC_PREPROCESSOR_DEFINITIONS = (
					"DEBUG=1",
					"$(inherited)",
				);
				GCC_SYMBOLS_PRIVATE_EXTERN = NO;
				GCC_WARN_64_TO_32_BIT_CONVERSION = YES;
				GCC_WARN_ABOUT_RETURN_TYPE = YES_ERROR;
				GCC_WARN_UNDECLARED_SELECTOR = YES;
				GCC_WARN_UNINITIALIZED_AUTOS = YES_AGGRESSIVE;
				GCC_WARN_UNUSED_FUNCTION = YES;
				GCC_WARN_UNUSED_VARIABLE = YES;
				IPHONEOS_DEPLOYMENT_TARGET = 8.0;
				MTL_ENABLE_DEBUG_INFO = YES;
				ONLY_ACTIVE_ARCH = YES;
				SDKROOT = iphoneos;
				SWIFT_OPTIMIZATION_LEVEL = "-Onone";
			};
			name = Debug;
		};
		3FE21C9A19D53E36005D3087 /* Release */ = {
			isa = XCBuildConfiguration;
			buildSettings = {
				ALWAYS_SEARCH_USER_PATHS = NO;
				CLANG_CXX_LANGUAGE_STANDARD = "gnu++0x";
				CLANG_CXX_LIBRARY = "libc++";
				CLANG_ENABLE_MODULES = YES;
				CLANG_ENABLE_OBJC_ARC = YES;
				CLANG_WARN_BOOL_CONVERSION = YES;
				CLANG_WARN_CONSTANT_CONVERSION = YES;
				CLANG_WARN_DIRECT_OBJC_ISA_USAGE = YES_ERROR;
				CLANG_WARN_EMPTY_BODY = YES;
				CLANG_WARN_ENUM_CONVERSION = YES;
				CLANG_WARN_INT_CONVERSION = YES;
				CLANG_WARN_OBJC_ROOT_CLASS = YES_ERROR;
				CLANG_WARN_UNREACHABLE_CODE = YES;
				CLANG_WARN__DUPLICATE_METHOD_MATCH = YES;
				"CODE_SIGN_IDENTITY[sdk=iphoneos*]" = "iPhone Developer";
				COPY_PHASE_STRIP = YES;
				ENABLE_NS_ASSERTIONS = NO;
				ENABLE_STRICT_OBJC_MSGSEND = YES;
				GCC_C_LANGUAGE_STANDARD = gnu99;
				GCC_WARN_64_TO_32_BIT_CONVERSION = YES;
				GCC_WARN_ABOUT_RETURN_TYPE = YES_ERROR;
				GCC_WARN_UNDECLARED_SELECTOR = YES;
				GCC_WARN_UNINITIALIZED_AUTOS = YES_AGGRESSIVE;
				GCC_WARN_UNUSED_FUNCTION = YES;
				GCC_WARN_UNUSED_VARIABLE = YES;
				IPHONEOS_DEPLOYMENT_TARGET = 8.0;
				MTL_ENABLE_DEBUG_INFO = NO;
				SDKROOT = iphoneos;
				VALIDATE_PRODUCT = YES;
			};
			name = Release;
		};
		3FE21C9C19D53E36005D3087 /* Debug */ = {
			isa = XCBuildConfiguration;
			buildSettings = {
				ASSETCATALOG_COMPILER_APPICON_NAME = AppIcon;
				INFOPLIST_FILE = TableName/Info.plist;
				LD_RUNPATH_SEARCH_PATHS = "$(inherited) @executable_path/Frameworks";
				PRODUCT_NAME = "$(TARGET_NAME)";
			};
			name = Debug;
		};
		3FE21C9D19D53E36005D3087 /* Release */ = {
			isa = XCBuildConfiguration;
			buildSettings = {
				ASSETCATALOG_COMPILER_APPICON_NAME = AppIcon;
				INFOPLIST_FILE = TableName/Info.plist;
				LD_RUNPATH_SEARCH_PATHS = "$(inherited) @executable_path/Frameworks";
				PRODUCT_NAME = "$(TARGET_NAME)";
			};
			name = Release;
		};
		3FE21C9F19D53E36005D3087 /* Debug */ = {
			isa = XCBuildConfiguration;
			buildSettings = {
				BUNDLE_LOADER = "$(TEST_HOST)";
				FRAMEWORK_SEARCH_PATHS = (
					"$(SDKROOT)/Developer/Library/Frameworks",
					"$(inherited)",
				);
				GCC_PREPROCESSOR_DEFINITIONS = (
					"DEBUG=1",
					"$(inherited)",
				);
				INFOPLIST_FILE = TableNameTests/Info.plist;
				LD_RUNPATH_SEARCH_PATHS = "$(inherited) @executable_path/Frameworks @loader_path/Frameworks";
				PRODUCT_NAME = "$(TARGET_NAME)";
				TEST_HOST = "$(BUILT_PRODUCTS_DIR)/TableName.app/TableName";
			};
			name = Debug;
		};
		3FE21CA019D53E36005D3087 /* Release */ = {
			isa = XCBuildConfiguration;
			buildSettings = {
				BUNDLE_LOADER = "$(TEST_HOST)";
				FRAMEWORK_SEARCH_PATHS = (
					"$(SDKROOT)/Developer/Library/Frameworks",
					"$(inherited)",
				);
				INFOPLIST_FILE = TableNameTests/Info.plist;
				LD_RUNPATH_SEARCH_PATHS = "$(inherited) @executable_path/Frameworks @loader_path/Frameworks";
				PRODUCT_NAME = "$(TARGET_NAME)";
				TEST_HOST = "$(BUILT_PRODUCTS_DIR)/TableName.app/TableName";
			};
			name = Release;
		};
/* End XCBuildConfiguration section */

/* Begin XCConfigurationList section */
		3FE21C7719D53E36005D3087 /* Build configuration list for PBXProject "TableName" */ = {
			isa = XCConfigurationList;
			buildConfigurations = (
				3FE21C9919D53E36005D3087 /* Debug */,
				3FE21C9A19D53E36005D3087 /* Release */,
			);
			defaultConfigurationIsVisible = 0;
			defaultConfigurationName = Release;
		};
		3FE21C9B19D53E36005D3087 /* Build configuration list for PBXNativeTarget "TableName" */ = {
			isa = XCConfigurationList;
			buildConfigurations = (
				3FE21C9C19D53E36005D3087 /* Debug */,
				3FE21C9D19D53E36005D3087 /* Release */,
			);
			defaultConfigurationIsVisible = 0;
		};
		3FE21C9E19D53E36005D3087 /* Build configuration list for PBXNativeTarget "TableNameTests" */ = {
			isa = XCConfigurationList;
			buildConfigurations = (
				3FE21C9F19D53E36005D3087 /* Debug */,
				3FE21CA019D53E36005D3087 /* Release */,
			);
			defaultConfigurationIsVisible = 0;
		};
/* End XCConfigurationList section */
	};
	rootObject = 3FE21C7419D53E36005D3087 /* Project object */;
}
